// !$*UTF8*$!
{
	archiveVersion = 1;
	classes = {
	};
	objectVersion = 55;
	objects = {

/* Begin PBXBuildFile section */
		4906C6AB27537571001C52BC /* SettingViewModel.swift in Sources */ = {isa = PBXBuildFile; fileRef = 4906C6AA27537570001C52BC /* SettingViewModel.swift */; };
		4906C6AD2753760D001C52BC /* Setting.swift in Sources */ = {isa = PBXBuildFile; fileRef = 4906C6AC2753760D001C52BC /* Setting.swift */; };
		490E8B632739176B0047DE64 /* Color.swift in Sources */ = {isa = PBXBuildFile; fileRef = 490E8B622739176A0047DE64 /* Color.swift */; };
		4910419327AC37FA00196A2D /* InteractiveTutorialViewModel.swift in Sources */ = {isa = PBXBuildFile; fileRef = 4910419227AC37FA00196A2D /* InteractiveTutorialViewModel.swift */; };
		491041D127ADB32100196A2D /* Audio.swift in Sources */ = {isa = PBXBuildFile; fileRef = 491041D027ADB32100196A2D /* Audio.swift */; };
		492D8BFF27C51B8E006964D7 /* Cello.swift in Sources */ = {isa = PBXBuildFile; fileRef = 492D8BFE27C51B8E006964D7 /* Cello.swift */; };
		49558BB127C5484500F8CEB9 /* Flute.swift in Sources */ = {isa = PBXBuildFile; fileRef = 49558BB027C5484500F8CEB9 /* Flute.swift */; };
		498F0BED274F808B00A46486 /* MoreButton.swift in Sources */ = {isa = PBXBuildFile; fileRef = 498F0BEC274F808B00A46486 /* MoreButton.swift */; };
		498F0BEF274F8FC600A46486 /* SettingView.swift in Sources */ = {isa = PBXBuildFile; fileRef = 498F0BEE274F8FC500A46486 /* SettingView.swift */; };
		498F0BF1274F909600A46486 /* DismissButton.swift in Sources */ = {isa = PBXBuildFile; fileRef = 498F0BF0274F909600A46486 /* DismissButton.swift */; };
		498F0BF3274FC11700A46486 /* SettingButton.swift in Sources */ = {isa = PBXBuildFile; fileRef = 498F0BF2274FC11700A46486 /* SettingButton.swift */; };
		499098BC27CD499D00C2A832 /* Violin.swift in Sources */ = {isa = PBXBuildFile; fileRef = 499098BB27CD499C00C2A832 /* Violin.swift */; };
		49A8571727B429A200355ADB /* visualizerTests.swift in Sources */ = {isa = PBXBuildFile; fileRef = 49A8571627B429A200355ADB /* visualizerTests.swift */; };
		49A8571E27B42F1300355ADB /* InteractiveTutorialViewModelTests.swift in Sources */ = {isa = PBXBuildFile; fileRef = 49A8571D27B42F1300355ADB /* InteractiveTutorialViewModelTests.swift */; };
		49C5B3892795B74500D4A63C /* InteractiveTutorialView.swift in Sources */ = {isa = PBXBuildFile; fileRef = 49C5B3882795B74500D4A63C /* InteractiveTutorialView.swift */; };
		49C78DBF27B810E5009CE4F8 /* visualizerUITests.swift in Sources */ = {isa = PBXBuildFile; fileRef = 49C78DBE27B810E5009CE4F8 /* visualizerUITests.swift */; };
		49C78DC127B810E5009CE4F8 /* visualizerUITestsLaunchTests.swift in Sources */ = {isa = PBXBuildFile; fileRef = 49C78DC027B810E5009CE4F8 /* visualizerUITestsLaunchTests.swift */; };
		49C78DCA27B8171D009CE4F8 /* InteractiveTutorialViewTests.swift in Sources */ = {isa = PBXBuildFile; fileRef = 49C78DC927B8171D009CE4F8 /* InteractiveTutorialViewTests.swift */; };
		49D640A427B1333C00E776C3 /* Assets.xcassets in Resources */ = {isa = PBXBuildFile; fileRef = 49D640A327B1333C00E776C3 /* Assets.xcassets */; };
		49D640AA27B1333C00E776C3 /* visualizer-watch WatchKit Extension.appex in Embed App Extensions */ = {isa = PBXBuildFile; fileRef = 49D640A927B1333C00E776C3 /* visualizer-watch WatchKit Extension.appex */; settings = {ATTRIBUTES = (RemoveHeadersOnCopy, ); }; };
		49D640B127B1333C00E776C3 /* ContentView.swift in Sources */ = {isa = PBXBuildFile; fileRef = 49D640B027B1333C00E776C3 /* ContentView.swift */; };
		49D640B327B1333C00E776C3 /* NotificationController.swift in Sources */ = {isa = PBXBuildFile; fileRef = 49D640B227B1333C00E776C3 /* NotificationController.swift */; };
		49D640B527B1333C00E776C3 /* NotificationView.swift in Sources */ = {isa = PBXBuildFile; fileRef = 49D640B427B1333C00E776C3 /* NotificationView.swift */; };
		49D640B727B1333C00E776C3 /* ComplicationController.swift in Sources */ = {isa = PBXBuildFile; fileRef = 49D640B627B1333C00E776C3 /* ComplicationController.swift */; };
		49D640B927B1333E00E776C3 /* Assets.xcassets in Resources */ = {isa = PBXBuildFile; fileRef = 49D640B827B1333E00E776C3 /* Assets.xcassets */; };
		49D640BC27B1333E00E776C3 /* Preview Assets.xcassets in Resources */ = {isa = PBXBuildFile; fileRef = 49D640BB27B1333E00E776C3 /* Preview Assets.xcassets */; };
		49D640C827B1333E00E776C3 /* visualizer_watchTests.swift in Sources */ = {isa = PBXBuildFile; fileRef = 49D640C727B1333E00E776C3 /* visualizer_watchTests.swift */; };
		49D640D227B1333E00E776C3 /* visualizer_watchUITests.swift in Sources */ = {isa = PBXBuildFile; fileRef = 49D640D127B1333E00E776C3 /* visualizer_watchUITests.swift */; };
		49D640D427B1333E00E776C3 /* visualizer_watchUITestsLaunchTests.swift in Sources */ = {isa = PBXBuildFile; fileRef = 49D640D327B1333E00E776C3 /* visualizer_watchUITestsLaunchTests.swift */; };
		49D640D727B1333E00E776C3 /* SoundsGood.app in Embed Watch Content */ = {isa = PBXBuildFile; fileRef = 49D640A127B1333900E776C3 /* SoundsGood.app */; settings = {ATTRIBUTES = (RemoveHeadersOnCopy, ); }; };
		49D640E827B13C4300E776C3 /* Assets.xcassets in Resources */ = {isa = PBXBuildFile; fileRef = 8EEFAF9027130F8000E3651D /* Assets.xcassets */; };
		49D640F827B1621200E776C3 /* visualizerApp.swift in Sources */ = {isa = PBXBuildFile; fileRef = 49D640F727B1621200E776C3 /* visualizerApp.swift */; };
		49D6F7EE274926AA00CDCCE4 /* SoundpipeAudioKit in Frameworks */ = {isa = PBXBuildFile; productRef = 49D6F7ED274926AA00CDCCE4 /* SoundpipeAudioKit */; };
		49D6F7F1274939D000CDCCE4 /* PitchNotation.swift in Sources */ = {isa = PBXBuildFile; fileRef = 49D6F7F0274939D000CDCCE4 /* PitchNotation.swift */; };
		49DECB11273A730D00C992CE /* Typography.swift in Sources */ = {isa = PBXBuildFile; fileRef = 49DECB10273A730D00C992CE /* Typography.swift */; };
		49EA05B727B168DA0036EED4 /* WatchConnectivityViewModel.swift in Sources */ = {isa = PBXBuildFile; fileRef = 49EA05B627B168D90036EED4 /* WatchConnectivityViewModel.swift */; };
		49EA05B927B16B580036EED4 /* WatchConnectivityViewModel.swift in Sources */ = {isa = PBXBuildFile; fileRef = 49EA05B827B16B580036EED4 /* WatchConnectivityViewModel.swift */; };
		49EA05BA27B18AD90036EED4 /* Typography.swift in Sources */ = {isa = PBXBuildFile; fileRef = 49DECB10273A730D00C992CE /* Typography.swift */; };
		49EA05BB27B18ADD0036EED4 /* Color.swift in Sources */ = {isa = PBXBuildFile; fileRef = 490E8B622739176A0047DE64 /* Color.swift */; };
		49F9A502279BDF6600AC4A4A /* InteractiveTutorial.swift in Sources */ = {isa = PBXBuildFile; fileRef = 49F9A501279BDF6600AC4A4A /* InteractiveTutorial.swift */; };
		8E09212327BA981900F540B6 /* TimbreDrawerView.swift in Sources */ = {isa = PBXBuildFile; fileRef = 8E09212227BA981900F540B6 /* TimbreDrawerView.swift */; };
		8E09212527BA994900F540B6 /* InstrumentButton.swift in Sources */ = {isa = PBXBuildFile; fileRef = 8E09212427BA994900F540B6 /* InstrumentButton.swift */; };
		8E09213627BB7F4900F540B6 /* TimbreDrawerViewModel.swift in Sources */ = {isa = PBXBuildFile; fileRef = 8E09213527BB7F4900F540B6 /* TimbreDrawerViewModel.swift */; };
		8E09213827BB803A00F540B6 /* TimbreDrawer.swift in Sources */ = {isa = PBXBuildFile; fileRef = 8E09213727BB803A00F540B6 /* TimbreDrawer.swift */; };
		8E5F446E27BBDF8100DF21D8 /* DrawerView.swift in Sources */ = {isa = PBXBuildFile; fileRef = 8E5F446D27BBDF8100DF21D8 /* DrawerView.swift */; };
		8E63BE2527B29DB6007735DF /* Harmonics.swift in Sources */ = {isa = PBXBuildFile; fileRef = 8E63BE2427B29DB6007735DF /* Harmonics.swift */; };
		8E68DC2F2747EE2600F418E6 /* AudioViewModel.swift in Sources */ = {isa = PBXBuildFile; fileRef = 8E68DC2E2747EE2600F418E6 /* AudioViewModel.swift */; };
		8E68DC322747EE8800F418E6 /* AudioKit in Frameworks */ = {isa = PBXBuildFile; productRef = 8E68DC312747EE8800F418E6 /* AudioKit */; };
		8E8DB87A273802FF0010FE7E /* PitchView.swift in Sources */ = {isa = PBXBuildFile; fileRef = 8E8DB879273802FF0010FE7E /* PitchView.swift */; };
		8E8DB87C273805830010FE7E /* SoundView.swift in Sources */ = {isa = PBXBuildFile; fileRef = 8E8DB87B273805830010FE7E /* SoundView.swift */; };
		8E8DB87E273807490010FE7E /* TimbreView.swift in Sources */ = {isa = PBXBuildFile; fileRef = 8E8DB87D273807490010FE7E /* TimbreView.swift */; };
		8E8DB88027380AD30010FE7E /* PitchIndicator.swift in Sources */ = {isa = PBXBuildFile; fileRef = 8E8DB87F27380AD30010FE7E /* PitchIndicator.swift */; };
		8E8DB88227380B630010FE7E /* PitchLetter.swift in Sources */ = {isa = PBXBuildFile; fileRef = 8E8DB88127380B630010FE7E /* PitchLetter.swift */; };
		8E8DB884273811120010FE7E /* TouchEventModifier.swift in Sources */ = {isa = PBXBuildFile; fileRef = 8E8DB883273811120010FE7E /* TouchEventModifier.swift */; };
		8E8DB8862738161A0010FE7E /* LiveButton.swift in Sources */ = {isa = PBXBuildFile; fileRef = 8E8DB8852738161A0010FE7E /* LiveButton.swift */; };
		8EC438BE279ED706009B24E1 /* LiveDropdown.swift in Sources */ = {isa = PBXBuildFile; fileRef = 8EC438BD279ED706009B24E1 /* LiveDropdown.swift */; };
		8EC8CD6927253D3700B6E8E7 /* ContentView.swift in Sources */ = {isa = PBXBuildFile; fileRef = 8EC8CD6827253D3700B6E8E7 /* ContentView.swift */; };
		8EECA38F27382E800083FD02 /* Frequencies.swift in Sources */ = {isa = PBXBuildFile; fileRef = 8EECA38E27382E800083FD02 /* Frequencies.swift */; };
		8EECA39127382E8E0083FD02 /* VBar.swift in Sources */ = {isa = PBXBuildFile; fileRef = 8EECA39027382E8E0083FD02 /* VBar.swift */; };
		8EECA39327384BC30083FD02 /* Axis.swift in Sources */ = {isa = PBXBuildFile; fileRef = 8EECA39227384BC30083FD02 /* Axis.swift */; };
		8EECA395273852030083FD02 /* ViewExtension.swift in Sources */ = {isa = PBXBuildFile; fileRef = 8EECA394273852030083FD02 /* ViewExtension.swift */; };
		8EECA397273856200083FD02 /* DrawerButton.swift in Sources */ = {isa = PBXBuildFile; fileRef = 8EECA396273856200083FD02 /* DrawerButton.swift */; };
		8EEFAF8D27130F7E00E3651D /* visualizerApp.swift in Sources */ = {isa = PBXBuildFile; fileRef = 8EEFAF8C27130F7E00E3651D /* visualizerApp.swift */; };
		8EEFAF9127130F8000E3651D /* Assets.xcassets in Resources */ = {isa = PBXBuildFile; fileRef = 8EEFAF9027130F8000E3651D /* Assets.xcassets */; };
		8EEFAF9427130F8000E3651D /* Preview Assets.xcassets in Resources */ = {isa = PBXBuildFile; fileRef = 8EEFAF9327130F8000E3651D /* Preview Assets.xcassets */; };
/* End PBXBuildFile section */

/* Begin PBXContainerItemProxy section */
		49A8571827B429A200355ADB /* PBXContainerItemProxy */ = {
			isa = PBXContainerItemProxy;
			containerPortal = 8EEFAF8127130F7E00E3651D /* Project object */;
			proxyType = 1;
			remoteGlobalIDString = 8EEFAF8827130F7E00E3651D;
			remoteInfo = visualizer;
		};
		49C78DC227B810E5009CE4F8 /* PBXContainerItemProxy */ = {
			isa = PBXContainerItemProxy;
			containerPortal = 8EEFAF8127130F7E00E3651D /* Project object */;
			proxyType = 1;
			remoteGlobalIDString = 8EEFAF8827130F7E00E3651D;
			remoteInfo = visualizer;
		};
		49D640AB27B1333C00E776C3 /* PBXContainerItemProxy */ = {
			isa = PBXContainerItemProxy;
			containerPortal = 8EEFAF8127130F7E00E3651D /* Project object */;
			proxyType = 1;
			remoteGlobalIDString = 49D640A827B1333C00E776C3;
			remoteInfo = "visualizer-watch WatchKit Extension";
		};
		49D640C427B1333E00E776C3 /* PBXContainerItemProxy */ = {
			isa = PBXContainerItemProxy;
			containerPortal = 8EEFAF8127130F7E00E3651D /* Project object */;
			proxyType = 1;
			remoteGlobalIDString = 49D640A827B1333C00E776C3;
			remoteInfo = "visualizer-watch WatchKit Extension";
		};
		49D640CE27B1333E00E776C3 /* PBXContainerItemProxy */ = {
			isa = PBXContainerItemProxy;
			containerPortal = 8EEFAF8127130F7E00E3651D /* Project object */;
			proxyType = 1;
			remoteGlobalIDString = 49D640A027B1333900E776C3;
			remoteInfo = "visualizer-watch";
		};
		49D640D527B1333E00E776C3 /* PBXContainerItemProxy */ = {
			isa = PBXContainerItemProxy;
			containerPortal = 8EEFAF8127130F7E00E3651D /* Project object */;
			proxyType = 1;
			remoteGlobalIDString = 49D640A027B1333900E776C3;
			remoteInfo = "visualizer-watch";
		};
/* End PBXContainerItemProxy section */

/* Begin PBXCopyFilesBuildPhase section */
		49D640D827B1333E00E776C3 /* Embed Watch Content */ = {
			isa = PBXCopyFilesBuildPhase;
			buildActionMask = 2147483647;
			dstPath = "$(CONTENTS_FOLDER_PATH)/Watch";
			dstSubfolderSpec = 16;
			files = (
				49D640D727B1333E00E776C3 /* SoundsGood.app in Embed Watch Content */,
			);
			name = "Embed Watch Content";
			runOnlyForDeploymentPostprocessing = 0;
		};
		49D640DB27B1333E00E776C3 /* Embed App Extensions */ = {
			isa = PBXCopyFilesBuildPhase;
			buildActionMask = 2147483647;
			dstPath = "";
			dstSubfolderSpec = 13;
			files = (
				49D640AA27B1333C00E776C3 /* visualizer-watch WatchKit Extension.appex in Embed App Extensions */,
			);
			name = "Embed App Extensions";
			runOnlyForDeploymentPostprocessing = 0;
		};
/* End PBXCopyFilesBuildPhase section */

/* Begin PBXFileReference section */
		4906C6AA27537570001C52BC /* SettingViewModel.swift */ = {isa = PBXFileReference; lastKnownFileType = sourcecode.swift; path = SettingViewModel.swift; sourceTree = "<group>"; };
		4906C6AC2753760D001C52BC /* Setting.swift */ = {isa = PBXFileReference; lastKnownFileType = sourcecode.swift; name = Setting.swift; path = visualizer/Models/Setting.swift; sourceTree = SOURCE_ROOT; };
		490E8B622739176A0047DE64 /* Color.swift */ = {isa = PBXFileReference; lastKnownFileType = sourcecode.swift; path = Color.swift; sourceTree = "<group>"; };
		4910419227AC37FA00196A2D /* InteractiveTutorialViewModel.swift */ = {isa = PBXFileReference; lastKnownFileType = sourcecode.swift; path = InteractiveTutorialViewModel.swift; sourceTree = "<group>"; };
		491041D027ADB32100196A2D /* Audio.swift */ = {isa = PBXFileReference; lastKnownFileType = sourcecode.swift; path = Audio.swift; sourceTree = "<group>"; };
		492D8BFE27C51B8E006964D7 /* Cello.swift */ = {isa = PBXFileReference; lastKnownFileType = sourcecode.swift; path = Cello.swift; sourceTree = "<group>"; };
		49558BB027C5484500F8CEB9 /* Flute.swift */ = {isa = PBXFileReference; lastKnownFileType = sourcecode.swift; path = Flute.swift; sourceTree = "<group>"; };
		498F0BEC274F808B00A46486 /* MoreButton.swift */ = {isa = PBXFileReference; lastKnownFileType = sourcecode.swift; path = MoreButton.swift; sourceTree = "<group>"; };
		498F0BEE274F8FC500A46486 /* SettingView.swift */ = {isa = PBXFileReference; lastKnownFileType = sourcecode.swift; path = SettingView.swift; sourceTree = "<group>"; };
		498F0BF0274F909600A46486 /* DismissButton.swift */ = {isa = PBXFileReference; lastKnownFileType = sourcecode.swift; path = DismissButton.swift; sourceTree = "<group>"; };
		498F0BF2274FC11700A46486 /* SettingButton.swift */ = {isa = PBXFileReference; lastKnownFileType = sourcecode.swift; path = SettingButton.swift; sourceTree = "<group>"; };
		499098BB27CD499C00C2A832 /* Violin.swift */ = {isa = PBXFileReference; lastKnownFileType = sourcecode.swift; path = Violin.swift; sourceTree = "<group>"; };
		49A8571427B429A200355ADB /* visualizerTests.xctest */ = {isa = PBXFileReference; explicitFileType = wrapper.cfbundle; includeInIndex = 0; path = visualizerTests.xctest; sourceTree = BUILT_PRODUCTS_DIR; };
		49A8571627B429A200355ADB /* visualizerTests.swift */ = {isa = PBXFileReference; lastKnownFileType = sourcecode.swift; path = visualizerTests.swift; sourceTree = "<group>"; };
		49A8571D27B42F1300355ADB /* InteractiveTutorialViewModelTests.swift */ = {isa = PBXFileReference; lastKnownFileType = sourcecode.swift; path = InteractiveTutorialViewModelTests.swift; sourceTree = "<group>"; };
		49C5B3882795B74500D4A63C /* InteractiveTutorialView.swift */ = {isa = PBXFileReference; lastKnownFileType = sourcecode.swift; path = InteractiveTutorialView.swift; sourceTree = "<group>"; };
		49C78DBC27B810E5009CE4F8 /* visualizerUITests.xctest */ = {isa = PBXFileReference; explicitFileType = wrapper.cfbundle; includeInIndex = 0; path = visualizerUITests.xctest; sourceTree = BUILT_PRODUCTS_DIR; };
		49C78DBE27B810E5009CE4F8 /* visualizerUITests.swift */ = {isa = PBXFileReference; lastKnownFileType = sourcecode.swift; path = visualizerUITests.swift; sourceTree = "<group>"; };
		49C78DC027B810E5009CE4F8 /* visualizerUITestsLaunchTests.swift */ = {isa = PBXFileReference; lastKnownFileType = sourcecode.swift; path = visualizerUITestsLaunchTests.swift; sourceTree = "<group>"; };
		49C78DC927B8171D009CE4F8 /* InteractiveTutorialViewTests.swift */ = {isa = PBXFileReference; lastKnownFileType = sourcecode.swift; path = InteractiveTutorialViewTests.swift; sourceTree = "<group>"; };
		49D640A127B1333900E776C3 /* SoundsGood.app */ = {isa = PBXFileReference; explicitFileType = wrapper.application; includeInIndex = 0; path = SoundsGood.app; sourceTree = BUILT_PRODUCTS_DIR; };
		49D640A327B1333C00E776C3 /* Assets.xcassets */ = {isa = PBXFileReference; lastKnownFileType = folder.assetcatalog; path = Assets.xcassets; sourceTree = "<group>"; };
		49D640A927B1333C00E776C3 /* visualizer-watch WatchKit Extension.appex */ = {isa = PBXFileReference; explicitFileType = "wrapper.app-extension"; includeInIndex = 0; path = "visualizer-watch WatchKit Extension.appex"; sourceTree = BUILT_PRODUCTS_DIR; };
		49D640B027B1333C00E776C3 /* ContentView.swift */ = {isa = PBXFileReference; lastKnownFileType = sourcecode.swift; path = ContentView.swift; sourceTree = "<group>"; };
		49D640B227B1333C00E776C3 /* NotificationController.swift */ = {isa = PBXFileReference; lastKnownFileType = sourcecode.swift; path = NotificationController.swift; sourceTree = "<group>"; };
		49D640B427B1333C00E776C3 /* NotificationView.swift */ = {isa = PBXFileReference; lastKnownFileType = sourcecode.swift; path = NotificationView.swift; sourceTree = "<group>"; };
		49D640B627B1333C00E776C3 /* ComplicationController.swift */ = {isa = PBXFileReference; lastKnownFileType = sourcecode.swift; path = ComplicationController.swift; sourceTree = "<group>"; };
		49D640B827B1333E00E776C3 /* Assets.xcassets */ = {isa = PBXFileReference; lastKnownFileType = folder.assetcatalog; path = Assets.xcassets; sourceTree = "<group>"; };
		49D640BB27B1333E00E776C3 /* Preview Assets.xcassets */ = {isa = PBXFileReference; lastKnownFileType = folder.assetcatalog; path = "Preview Assets.xcassets"; sourceTree = "<group>"; };
		49D640BD27B1333E00E776C3 /* Info.plist */ = {isa = PBXFileReference; lastKnownFileType = text.plist.xml; path = Info.plist; sourceTree = "<group>"; };
		49D640BE27B1333E00E776C3 /* PushNotificationPayload.apns */ = {isa = PBXFileReference; lastKnownFileType = text; path = PushNotificationPayload.apns; sourceTree = "<group>"; };
		49D640C327B1333E00E776C3 /* visualizer-watchTests.xctest */ = {isa = PBXFileReference; explicitFileType = wrapper.cfbundle; includeInIndex = 0; path = "visualizer-watchTests.xctest"; sourceTree = BUILT_PRODUCTS_DIR; };
		49D640C727B1333E00E776C3 /* visualizer_watchTests.swift */ = {isa = PBXFileReference; lastKnownFileType = sourcecode.swift; path = visualizer_watchTests.swift; sourceTree = "<group>"; };
		49D640CD27B1333E00E776C3 /* visualizer-watchUITests.xctest */ = {isa = PBXFileReference; explicitFileType = wrapper.cfbundle; includeInIndex = 0; path = "visualizer-watchUITests.xctest"; sourceTree = BUILT_PRODUCTS_DIR; };
		49D640D127B1333E00E776C3 /* visualizer_watchUITests.swift */ = {isa = PBXFileReference; lastKnownFileType = sourcecode.swift; path = visualizer_watchUITests.swift; sourceTree = "<group>"; };
		49D640D327B1333E00E776C3 /* visualizer_watchUITestsLaunchTests.swift */ = {isa = PBXFileReference; lastKnownFileType = sourcecode.swift; path = visualizer_watchUITestsLaunchTests.swift; sourceTree = "<group>"; };
		49D640F727B1621200E776C3 /* visualizerApp.swift */ = {isa = PBXFileReference; fileEncoding = 4; lastKnownFileType = sourcecode.swift; path = visualizerApp.swift; sourceTree = "<group>"; };
		49D6F7F0274939D000CDCCE4 /* PitchNotation.swift */ = {isa = PBXFileReference; lastKnownFileType = sourcecode.swift; path = PitchNotation.swift; sourceTree = "<group>"; };
		49DECB10273A730D00C992CE /* Typography.swift */ = {isa = PBXFileReference; lastKnownFileType = sourcecode.swift; path = Typography.swift; sourceTree = "<group>"; };
		49EA05B627B168D90036EED4 /* WatchConnectivityViewModel.swift */ = {isa = PBXFileReference; lastKnownFileType = sourcecode.swift; path = WatchConnectivityViewModel.swift; sourceTree = "<group>"; };
		49EA05B827B16B580036EED4 /* WatchConnectivityViewModel.swift */ = {isa = PBXFileReference; lastKnownFileType = sourcecode.swift; path = WatchConnectivityViewModel.swift; sourceTree = "<group>"; };
		49F9A501279BDF6600AC4A4A /* InteractiveTutorial.swift */ = {isa = PBXFileReference; lastKnownFileType = sourcecode.swift; path = InteractiveTutorial.swift; sourceTree = "<group>"; };
		8E09212227BA981900F540B6 /* TimbreDrawerView.swift */ = {isa = PBXFileReference; lastKnownFileType = sourcecode.swift; path = TimbreDrawerView.swift; sourceTree = "<group>"; };
		8E09212427BA994900F540B6 /* InstrumentButton.swift */ = {isa = PBXFileReference; lastKnownFileType = sourcecode.swift; path = InstrumentButton.swift; sourceTree = "<group>"; };
		8E09213527BB7F4900F540B6 /* TimbreDrawerViewModel.swift */ = {isa = PBXFileReference; lastKnownFileType = sourcecode.swift; path = TimbreDrawerViewModel.swift; sourceTree = "<group>"; };
		8E09213727BB803A00F540B6 /* TimbreDrawer.swift */ = {isa = PBXFileReference; lastKnownFileType = sourcecode.swift; path = TimbreDrawer.swift; sourceTree = "<group>"; };
		8E5F446D27BBDF8100DF21D8 /* DrawerView.swift */ = {isa = PBXFileReference; lastKnownFileType = sourcecode.swift; path = DrawerView.swift; sourceTree = "<group>"; };
		8E63BE2427B29DB6007735DF /* Harmonics.swift */ = {isa = PBXFileReference; lastKnownFileType = sourcecode.swift; path = Harmonics.swift; sourceTree = "<group>"; };
		8E68DC2E2747EE2600F418E6 /* AudioViewModel.swift */ = {isa = PBXFileReference; lastKnownFileType = sourcecode.swift; path = AudioViewModel.swift; sourceTree = "<group>"; };
		8E8DB879273802FF0010FE7E /* PitchView.swift */ = {isa = PBXFileReference; lastKnownFileType = sourcecode.swift; path = PitchView.swift; sourceTree = "<group>"; };
		8E8DB87B273805830010FE7E /* SoundView.swift */ = {isa = PBXFileReference; lastKnownFileType = sourcecode.swift; path = SoundView.swift; sourceTree = "<group>"; };
		8E8DB87D273807490010FE7E /* TimbreView.swift */ = {isa = PBXFileReference; lastKnownFileType = sourcecode.swift; path = TimbreView.swift; sourceTree = "<group>"; };
		8E8DB87F27380AD30010FE7E /* PitchIndicator.swift */ = {isa = PBXFileReference; lastKnownFileType = sourcecode.swift; path = PitchIndicator.swift; sourceTree = "<group>"; };
		8E8DB88127380B630010FE7E /* PitchLetter.swift */ = {isa = PBXFileReference; lastKnownFileType = sourcecode.swift; path = PitchLetter.swift; sourceTree = "<group>"; };
		8E8DB883273811120010FE7E /* TouchEventModifier.swift */ = {isa = PBXFileReference; lastKnownFileType = sourcecode.swift; path = TouchEventModifier.swift; sourceTree = "<group>"; };
		8E8DB8852738161A0010FE7E /* LiveButton.swift */ = {isa = PBXFileReference; lastKnownFileType = sourcecode.swift; path = LiveButton.swift; sourceTree = "<group>"; };
		8EC438BD279ED706009B24E1 /* LiveDropdown.swift */ = {isa = PBXFileReference; lastKnownFileType = sourcecode.swift; path = LiveDropdown.swift; sourceTree = "<group>"; };
		8EC8CD6827253D3700B6E8E7 /* ContentView.swift */ = {isa = PBXFileReference; lastKnownFileType = sourcecode.swift; path = ContentView.swift; sourceTree = "<group>"; };
		8EECA38E27382E800083FD02 /* Frequencies.swift */ = {isa = PBXFileReference; lastKnownFileType = sourcecode.swift; path = Frequencies.swift; sourceTree = "<group>"; };
		8EECA39027382E8E0083FD02 /* VBar.swift */ = {isa = PBXFileReference; lastKnownFileType = sourcecode.swift; path = VBar.swift; sourceTree = "<group>"; };
		8EECA39227384BC30083FD02 /* Axis.swift */ = {isa = PBXFileReference; lastKnownFileType = sourcecode.swift; path = Axis.swift; sourceTree = "<group>"; };
		8EECA394273852030083FD02 /* ViewExtension.swift */ = {isa = PBXFileReference; lastKnownFileType = sourcecode.swift; path = ViewExtension.swift; sourceTree = "<group>"; };
		8EECA396273856200083FD02 /* DrawerButton.swift */ = {isa = PBXFileReference; lastKnownFileType = sourcecode.swift; path = DrawerButton.swift; sourceTree = "<group>"; };
		8EEFAF8927130F7E00E3651D /* visualizer.app */ = {isa = PBXFileReference; explicitFileType = wrapper.application; includeInIndex = 0; path = visualizer.app; sourceTree = BUILT_PRODUCTS_DIR; };
		8EEFAF8C27130F7E00E3651D /* visualizerApp.swift */ = {isa = PBXFileReference; lastKnownFileType = sourcecode.swift; path = visualizerApp.swift; sourceTree = "<group>"; };
		8EEFAF9027130F8000E3651D /* Assets.xcassets */ = {isa = PBXFileReference; lastKnownFileType = folder.assetcatalog; path = Assets.xcassets; sourceTree = "<group>"; };
		8EEFAF9327130F8000E3651D /* Preview Assets.xcassets */ = {isa = PBXFileReference; lastKnownFileType = folder.assetcatalog; path = "Preview Assets.xcassets"; sourceTree = "<group>"; };
		8EEFAFA12713146200E3651D /* Info.plist */ = {isa = PBXFileReference; lastKnownFileType = text.plist; path = Info.plist; sourceTree = "<group>"; };
/* End PBXFileReference section */

/* Begin PBXFrameworksBuildPhase section */
		49A8571127B429A200355ADB /* Frameworks */ = {
			isa = PBXFrameworksBuildPhase;
			buildActionMask = 2147483647;
			files = (
			);
			runOnlyForDeploymentPostprocessing = 0;
		};
		49C78DB927B810E5009CE4F8 /* Frameworks */ = {
			isa = PBXFrameworksBuildPhase;
			buildActionMask = 2147483647;
			files = (
			);
			runOnlyForDeploymentPostprocessing = 0;
		};
		49D640A627B1333C00E776C3 /* Frameworks */ = {
			isa = PBXFrameworksBuildPhase;
			buildActionMask = 2147483647;
			files = (
			);
			runOnlyForDeploymentPostprocessing = 0;
		};
		49D640C027B1333E00E776C3 /* Frameworks */ = {
			isa = PBXFrameworksBuildPhase;
			buildActionMask = 2147483647;
			files = (
			);
			runOnlyForDeploymentPostprocessing = 0;
		};
		49D640CA27B1333E00E776C3 /* Frameworks */ = {
			isa = PBXFrameworksBuildPhase;
			buildActionMask = 2147483647;
			files = (
			);
			runOnlyForDeploymentPostprocessing = 0;
		};
		8EEFAF8627130F7E00E3651D /* Frameworks */ = {
			isa = PBXFrameworksBuildPhase;
			buildActionMask = 2147483647;
			files = (
				49D6F7EE274926AA00CDCCE4 /* SoundpipeAudioKit in Frameworks */,
				8E68DC322747EE8800F418E6 /* AudioKit in Frameworks */,
			);
			runOnlyForDeploymentPostprocessing = 0;
		};
/* End PBXFrameworksBuildPhase section */

/* Begin PBXGroup section */
		4910418027AC34D800196A2D /* Core */ = {
			isa = PBXGroup;
			children = (
				8E09211E27BA97D900F540B6 /* Drawer */,
				49B8804C27AEDDFD004F985C /* Audio */,
				8E16835127259D29004E3CF9 /* Components */,
				4910418B27AC365300196A2D /* Setting */,
				4910418F27AC376700196A2D /* InteractiveTutorial */,
				8EC8CD6827253D3700B6E8E7 /* ContentView.swift */,
			);
			path = Core;
			sourceTree = "<group>";
		};
		4910418127AC355C00196A2D /* Extensions */ = {
			isa = PBXGroup;
			children = (
				49DECB10273A730D00C992CE /* Typography.swift */,
				490E8B622739176A0047DE64 /* Color.swift */,
			);
			path = Extensions;
			sourceTree = "<group>";
		};
		4910418B27AC365300196A2D /* Setting */ = {
			isa = PBXGroup;
			children = (
				4910418D27AC372900196A2D /* ViewModels */,
				4910418C27AC366000196A2D /* Views */,
			);
			path = Setting;
			sourceTree = "<group>";
		};
		4910418C27AC366000196A2D /* Views */ = {
			isa = PBXGroup;
			children = (
				498F0BEE274F8FC500A46486 /* SettingView.swift */,
			);
			path = Views;
			sourceTree = "<group>";
		};
		4910418D27AC372900196A2D /* ViewModels */ = {
			isa = PBXGroup;
			children = (
				4906C6AA27537570001C52BC /* SettingViewModel.swift */,
			);
			path = ViewModels;
			sourceTree = "<group>";
		};
		4910418F27AC376700196A2D /* InteractiveTutorial */ = {
			isa = PBXGroup;
			children = (
				4910419127AC378700196A2D /* ViewModels */,
				4910419027AC377400196A2D /* Views */,
			);
			path = InteractiveTutorial;
			sourceTree = "<group>";
		};
		4910419027AC377400196A2D /* Views */ = {
			isa = PBXGroup;
			children = (
				49C5B3882795B74500D4A63C /* InteractiveTutorialView.swift */,
			);
			path = Views;
			sourceTree = "<group>";
		};
		4910419127AC378700196A2D /* ViewModels */ = {
			isa = PBXGroup;
			children = (
				4910419227AC37FA00196A2D /* InteractiveTutorialViewModel.swift */,
			);
			path = ViewModels;
			sourceTree = "<group>";
		};
		492D8BFD27C51B79006964D7 /* AudioData */ = {
			isa = PBXGroup;
			children = (
				492D8BFE27C51B8E006964D7 /* Cello.swift */,
				49558BB027C5484500F8CEB9 /* Flute.swift */,
				499098BB27CD499C00C2A832 /* Violin.swift */,
			);
			path = AudioData;
			sourceTree = "<group>";
		};
		4941432A27551C75009667A6 /* Models */ = {
			isa = PBXGroup;
			children = (
				4906C6AC2753760D001C52BC /* Setting.swift */,
				49F9A501279BDF6600AC4A4A /* InteractiveTutorial.swift */,
				491041D027ADB32100196A2D /* Audio.swift */,
				8E09213727BB803A00F540B6 /* TimbreDrawer.swift */,
			);
			path = Models;
			sourceTree = "<group>";
		};
		49A8571527B429A200355ADB /* visualizerTests */ = {
			isa = PBXGroup;
			children = (
				49A8571627B429A200355ADB /* visualizerTests.swift */,
				49A8571D27B42F1300355ADB /* InteractiveTutorialViewModelTests.swift */,
			);
			path = visualizerTests;
			sourceTree = "<group>";
		};
		49B8804C27AEDDFD004F985C /* Audio */ = {
			isa = PBXGroup;
			children = (
				49B8804E27AEDE30004F985C /* ViewModels */,
				49B8804D27AEDE20004F985C /* Views */,
			);
			path = Audio;
			sourceTree = "<group>";
		};
		49B8804D27AEDE20004F985C /* Views */ = {
			isa = PBXGroup;
			children = (
				8E8DB879273802FF0010FE7E /* PitchView.swift */,
				8E8DB87D273807490010FE7E /* TimbreView.swift */,
				8E8DB87B273805830010FE7E /* SoundView.swift */,
			);
			path = Views;
			sourceTree = "<group>";
		};
		49B8804E27AEDE30004F985C /* ViewModels */ = {
			isa = PBXGroup;
			children = (
				8E68DC2E2747EE2600F418E6 /* AudioViewModel.swift */,
			);
			path = ViewModels;
			sourceTree = "<group>";
		};
		49C78DBD27B810E5009CE4F8 /* visualizerUITests */ = {
			isa = PBXGroup;
			children = (
				49C78DBE27B810E5009CE4F8 /* visualizerUITests.swift */,
				49C78DC927B8171D009CE4F8 /* InteractiveTutorialViewTests.swift */,
				49C78DC027B810E5009CE4F8 /* visualizerUITestsLaunchTests.swift */,
			);
			path = visualizerUITests;
			sourceTree = "<group>";
		};
		49D640A227B1333A00E776C3 /* visualizer-watch */ = {
			isa = PBXGroup;
			children = (
				49D640A327B1333C00E776C3 /* Assets.xcassets */,
			);
			path = "visualizer-watch";
			sourceTree = "<group>";
		};
		49D640AD27B1333C00E776C3 /* visualizer-watch WatchKit Extension */ = {
			isa = PBXGroup;
			children = (
				49D640F727B1621200E776C3 /* visualizerApp.swift */,
				49D640B027B1333C00E776C3 /* ContentView.swift */,
				49EA05B827B16B580036EED4 /* WatchConnectivityViewModel.swift */,
				49D640B227B1333C00E776C3 /* NotificationController.swift */,
				49D640B427B1333C00E776C3 /* NotificationView.swift */,
				49D640B627B1333C00E776C3 /* ComplicationController.swift */,
				49D640B827B1333E00E776C3 /* Assets.xcassets */,
				49D640BD27B1333E00E776C3 /* Info.plist */,
				49D640BE27B1333E00E776C3 /* PushNotificationPayload.apns */,
				49D640BA27B1333E00E776C3 /* Preview Content */,
			);
			path = "visualizer-watch WatchKit Extension";
			sourceTree = "<group>";
		};
		49D640BA27B1333E00E776C3 /* Preview Content */ = {
			isa = PBXGroup;
			children = (
				49D640BB27B1333E00E776C3 /* Preview Assets.xcassets */,
			);
			path = "Preview Content";
			sourceTree = "<group>";
		};
		49D640C627B1333E00E776C3 /* visualizer-watchTests */ = {
			isa = PBXGroup;
			children = (
				49D640C727B1333E00E776C3 /* visualizer_watchTests.swift */,
			);
			path = "visualizer-watchTests";
			sourceTree = "<group>";
		};
		49D640D027B1333E00E776C3 /* visualizer-watchUITests */ = {
			isa = PBXGroup;
			children = (
				49D640D127B1333E00E776C3 /* visualizer_watchUITests.swift */,
				49D640D327B1333E00E776C3 /* visualizer_watchUITestsLaunchTests.swift */,
			);
			path = "visualizer-watchUITests";
			sourceTree = "<group>";
		};
		49D640F227B13DC100E776C3 /* Frameworks */ = {
			isa = PBXGroup;
			children = (
			);
			name = Frameworks;
			sourceTree = "<group>";
		};
		49D6F7EF274939A200CDCCE4 /* Helpers */ = {
			isa = PBXGroup;
			children = (
				49D6F7F0274939D000CDCCE4 /* PitchNotation.swift */,
			);
			path = Helpers;
			sourceTree = "<group>";
		};
		49DECB12273A7ACC00C992CE /* Buttons */ = {
			isa = PBXGroup;
			children = (
				8E8DB8852738161A0010FE7E /* LiveButton.swift */,
				8EECA396273856200083FD02 /* DrawerButton.swift */,
				498F0BEC274F808B00A46486 /* MoreButton.swift */,
				498F0BF0274F909600A46486 /* DismissButton.swift */,
				498F0BF2274FC11700A46486 /* SettingButton.swift */,
				8E09212427BA994900F540B6 /* InstrumentButton.swift */,
			);
			path = Buttons;
			sourceTree = "<group>";
		};
		49DECB13273A7AE500C992CE /* Indicators */ = {
			isa = PBXGroup;
			children = (
				8E8DB87F27380AD30010FE7E /* PitchIndicator.swift */,
			);
			path = Indicators;
			sourceTree = "<group>";
		};
		49DECB14273A7B1A00C992CE /* Visuals */ = {
			isa = PBXGroup;
			children = (
				8EECA38E27382E800083FD02 /* Frequencies.swift */,
				8EECA39027382E8E0083FD02 /* VBar.swift */,
				8EECA39227384BC30083FD02 /* Axis.swift */,
				8E63BE2427B29DB6007735DF /* Harmonics.swift */,
			);
			path = Visuals;
			sourceTree = "<group>";
		};
		8E09211E27BA97D900F540B6 /* Drawer */ = {
			isa = PBXGroup;
			children = (
				8E09212127BA980500F540B6 /* ViewModels */,
				8E09212027BA97F800F540B6 /* Views */,
			);
			path = Drawer;
			sourceTree = "<group>";
		};
		8E09212027BA97F800F540B6 /* Views */ = {
			isa = PBXGroup;
			children = (
				8E09212227BA981900F540B6 /* TimbreDrawerView.swift */,
			);
			path = Views;
			sourceTree = "<group>";
		};
		8E09212127BA980500F540B6 /* ViewModels */ = {
			isa = PBXGroup;
			children = (
				8E09213527BB7F4900F540B6 /* TimbreDrawerViewModel.swift */,
			);
			path = ViewModels;
			sourceTree = "<group>";
		};
		8E16835127259D29004E3CF9 /* Components */ = {
			isa = PBXGroup;
			children = (
				8EC438BC279ED6E1009B24E1 /* Dropdowns */,
				49DECB14273A7B1A00C992CE /* Visuals */,
				49DECB13273A7AE500C992CE /* Indicators */,
				49DECB12273A7ACC00C992CE /* Buttons */,
				8E8DB88127380B630010FE7E /* PitchLetter.swift */,
				8E5F446D27BBDF8100DF21D8 /* DrawerView.swift */,
			);
			path = Components;
			sourceTree = "<group>";
		};
		8EC438BC279ED6E1009B24E1 /* Dropdowns */ = {
			isa = PBXGroup;
			children = (
				8EC438BD279ED706009B24E1 /* LiveDropdown.swift */,
			);
			path = Dropdowns;
			sourceTree = "<group>";
		};
		8EEFAF8027130F7E00E3651D = {
			isa = PBXGroup;
			children = (
				8EEFAF8B27130F7E00E3651D /* visualizer */,
				49A8571527B429A200355ADB /* visualizerTests */,
				49C78DBD27B810E5009CE4F8 /* visualizerUITests */,
				49D640A227B1333A00E776C3 /* visualizer-watch */,
				49D640AD27B1333C00E776C3 /* visualizer-watch WatchKit Extension */,
				49D640C627B1333E00E776C3 /* visualizer-watchTests */,
				49D640D027B1333E00E776C3 /* visualizer-watchUITests */,
				8EEFAF8A27130F7E00E3651D /* Products */,
				49D640F227B13DC100E776C3 /* Frameworks */,
			);
			sourceTree = "<group>";
		};
		8EEFAF8A27130F7E00E3651D /* Products */ = {
			isa = PBXGroup;
			children = (
				8EEFAF8927130F7E00E3651D /* visualizer.app */,
				49D640A127B1333900E776C3 /* SoundsGood.app */,
				49D640A927B1333C00E776C3 /* visualizer-watch WatchKit Extension.appex */,
				49D640C327B1333E00E776C3 /* visualizer-watchTests.xctest */,
				49D640CD27B1333E00E776C3 /* visualizer-watchUITests.xctest */,
				49A8571427B429A200355ADB /* visualizerTests.xctest */,
				49C78DBC27B810E5009CE4F8 /* visualizerUITests.xctest */,
			);
			name = Products;
			sourceTree = "<group>";
		};
		8EEFAF8B27130F7E00E3651D /* visualizer */ = {
			isa = PBXGroup;
			children = (
				492D8BFD27C51B79006964D7 /* AudioData */,
				4910418127AC355C00196A2D /* Extensions */,
				49D6F7EF274939A200CDCCE4 /* Helpers */,
				4910418027AC34D800196A2D /* Core */,
				4941432A27551C75009667A6 /* Models */,
				8EEFAFA12713146200E3651D /* Info.plist */,
				49EA05B627B168D90036EED4 /* WatchConnectivityViewModel.swift */,
				8EEFAF8C27130F7E00E3651D /* visualizerApp.swift */,
				8EEFAF9027130F8000E3651D /* Assets.xcassets */,
				8EEFAF9227130F8000E3651D /* Preview Content */,
				8E8DB883273811120010FE7E /* TouchEventModifier.swift */,
				8EECA394273852030083FD02 /* ViewExtension.swift */,
			);
			path = visualizer;
			sourceTree = "<group>";
		};
		8EEFAF9227130F8000E3651D /* Preview Content */ = {
			isa = PBXGroup;
			children = (
				8EEFAF9327130F8000E3651D /* Preview Assets.xcassets */,
			);
			path = "Preview Content";
			sourceTree = "<group>";
		};
/* End PBXGroup section */

/* Begin PBXNativeTarget section */
		49A8571327B429A200355ADB /* visualizerTests */ = {
			isa = PBXNativeTarget;
			buildConfigurationList = 49A8571C27B429A200355ADB /* Build configuration list for PBXNativeTarget "visualizerTests" */;
			buildPhases = (
				49A8571027B429A200355ADB /* Sources */,
				49A8571127B429A200355ADB /* Frameworks */,
				49A8571227B429A200355ADB /* Resources */,
			);
			buildRules = (
			);
			dependencies = (
				49A8571927B429A200355ADB /* PBXTargetDependency */,
			);
			name = visualizerTests;
			productName = visualizerTests;
			productReference = 49A8571427B429A200355ADB /* visualizerTests.xctest */;
			productType = "com.apple.product-type.bundle.unit-test";
		};
		49C78DBB27B810E5009CE4F8 /* visualizerUITests */ = {
			isa = PBXNativeTarget;
			buildConfigurationList = 49C78DC627B810E5009CE4F8 /* Build configuration list for PBXNativeTarget "visualizerUITests" */;
			buildPhases = (
				49C78DB827B810E5009CE4F8 /* Sources */,
				49C78DB927B810E5009CE4F8 /* Frameworks */,
				49C78DBA27B810E5009CE4F8 /* Resources */,
			);
			buildRules = (
			);
			dependencies = (
				49C78DC327B810E5009CE4F8 /* PBXTargetDependency */,
			);
			name = visualizerUITests;
			productName = visualizerUITests;
			productReference = 49C78DBC27B810E5009CE4F8 /* visualizerUITests.xctest */;
			productType = "com.apple.product-type.bundle.ui-testing";
		};
		49D640A027B1333900E776C3 /* visualizer-watch */ = {
			isa = PBXNativeTarget;
			buildConfigurationList = 49D640E327B1333E00E776C3 /* Build configuration list for PBXNativeTarget "visualizer-watch" */;
			buildPhases = (
				49D6409F27B1333900E776C3 /* Resources */,
				49D640DB27B1333E00E776C3 /* Embed App Extensions */,
			);
			buildRules = (
			);
			dependencies = (
				49D640AC27B1333C00E776C3 /* PBXTargetDependency */,
			);
			name = "visualizer-watch";
			productName = "visualizer-watch";
			productReference = 49D640A127B1333900E776C3 /* SoundsGood.app */;
			productType = "com.apple.product-type.application.watchapp2";
		};
		49D640A827B1333C00E776C3 /* visualizer-watch WatchKit Extension */ = {
			isa = PBXNativeTarget;
			buildConfigurationList = 49D640E227B1333E00E776C3 /* Build configuration list for PBXNativeTarget "visualizer-watch WatchKit Extension" */;
			buildPhases = (
				49D640A527B1333C00E776C3 /* Sources */,
				49D640A627B1333C00E776C3 /* Frameworks */,
				49D640A727B1333C00E776C3 /* Resources */,
			);
			buildRules = (
			);
			dependencies = (
			);
			name = "visualizer-watch WatchKit Extension";
			packageProductDependencies = (
			);
			productName = "visualizer-watch WatchKit Extension";
			productReference = 49D640A927B1333C00E776C3 /* visualizer-watch WatchKit Extension.appex */;
			productType = "com.apple.product-type.watchkit2-extension";
		};
		49D640C227B1333E00E776C3 /* visualizer-watchTests */ = {
			isa = PBXNativeTarget;
			buildConfigurationList = 49D640E427B1333E00E776C3 /* Build configuration list for PBXNativeTarget "visualizer-watchTests" */;
			buildPhases = (
				49D640BF27B1333E00E776C3 /* Sources */,
				49D640C027B1333E00E776C3 /* Frameworks */,
				49D640C127B1333E00E776C3 /* Resources */,
			);
			buildRules = (
			);
			dependencies = (
				49D640C527B1333E00E776C3 /* PBXTargetDependency */,
			);
			name = "visualizer-watchTests";
			productName = "visualizer-watchTests";
			productReference = 49D640C327B1333E00E776C3 /* visualizer-watchTests.xctest */;
			productType = "com.apple.product-type.bundle.unit-test";
		};
		49D640CC27B1333E00E776C3 /* visualizer-watchUITests */ = {
			isa = PBXNativeTarget;
			buildConfigurationList = 49D640E527B1333E00E776C3 /* Build configuration list for PBXNativeTarget "visualizer-watchUITests" */;
			buildPhases = (
				49D640C927B1333E00E776C3 /* Sources */,
				49D640CA27B1333E00E776C3 /* Frameworks */,
				49D640CB27B1333E00E776C3 /* Resources */,
			);
			buildRules = (
			);
			dependencies = (
				49D640CF27B1333E00E776C3 /* PBXTargetDependency */,
			);
			name = "visualizer-watchUITests";
			productName = "visualizer-watchUITests";
			productReference = 49D640CD27B1333E00E776C3 /* visualizer-watchUITests.xctest */;
			productType = "com.apple.product-type.bundle.ui-testing";
		};
		8EEFAF8827130F7E00E3651D /* visualizer */ = {
			isa = PBXNativeTarget;
			buildConfigurationList = 8EEFAF9727130F8000E3651D /* Build configuration list for PBXNativeTarget "visualizer" */;
			buildPhases = (
				8EEFAF8527130F7E00E3651D /* Sources */,
				8EEFAF8627130F7E00E3651D /* Frameworks */,
				8EEFAF8727130F7E00E3651D /* Resources */,
				49D640D827B1333E00E776C3 /* Embed Watch Content */,
			);
			buildRules = (
			);
			dependencies = (
				49D640D627B1333E00E776C3 /* PBXTargetDependency */,
			);
			name = visualizer;
			packageProductDependencies = (
				8E68DC312747EE8800F418E6 /* AudioKit */,
				49D6F7ED274926AA00CDCCE4 /* SoundpipeAudioKit */,
			);
			productName = visualizer;
			productReference = 8EEFAF8927130F7E00E3651D /* visualizer.app */;
			productType = "com.apple.product-type.application";
		};
/* End PBXNativeTarget section */

/* Begin PBXProject section */
		8EEFAF8127130F7E00E3651D /* Project object */ = {
			isa = PBXProject;
			attributes = {
				BuildIndependentTargetsInParallel = 1;
				LastSwiftUpdateCheck = 1320;
				LastUpgradeCheck = 1300;
				TargetAttributes = {
					49A8571327B429A200355ADB = {
						CreatedOnToolsVersion = 13.2.1;
						TestTargetID = 8EEFAF8827130F7E00E3651D;
					};
					49C78DBB27B810E5009CE4F8 = {
						CreatedOnToolsVersion = 13.2.1;
						TestTargetID = 8EEFAF8827130F7E00E3651D;
					};
					49D640A027B1333900E776C3 = {
						CreatedOnToolsVersion = 13.2.1;
					};
					49D640A827B1333C00E776C3 = {
						CreatedOnToolsVersion = 13.2.1;
					};
					49D640C227B1333E00E776C3 = {
						CreatedOnToolsVersion = 13.2.1;
						TestTargetID = 49D640A827B1333C00E776C3;
					};
					49D640CC27B1333E00E776C3 = {
						CreatedOnToolsVersion = 13.2.1;
						TestTargetID = 49D640A027B1333900E776C3;
					};
					8EEFAF8827130F7E00E3651D = {
						CreatedOnToolsVersion = 13.0;
					};
				};
			};
			buildConfigurationList = 8EEFAF8427130F7E00E3651D /* Build configuration list for PBXProject "visualizer" */;
			compatibilityVersion = "Xcode 13.0";
			developmentRegion = en;
			hasScannedForEncodings = 0;
			knownRegions = (
				en,
				Base,
			);
			mainGroup = 8EEFAF8027130F7E00E3651D;
			packageReferences = (
				8E68DC302747EE8800F418E6 /* XCRemoteSwiftPackageReference "AudioKit" */,
				49D6F7EC274926AA00CDCCE4 /* XCRemoteSwiftPackageReference "SoundpipeAudioKit" */,
			);
			productRefGroup = 8EEFAF8A27130F7E00E3651D /* Products */;
			projectDirPath = "";
			projectRoot = "";
			targets = (
				8EEFAF8827130F7E00E3651D /* visualizer */,
				49A8571327B429A200355ADB /* visualizerTests */,
				49C78DBB27B810E5009CE4F8 /* visualizerUITests */,
				49D640A027B1333900E776C3 /* visualizer-watch */,
				49D640A827B1333C00E776C3 /* visualizer-watch WatchKit Extension */,
				49D640C227B1333E00E776C3 /* visualizer-watchTests */,
				49D640CC27B1333E00E776C3 /* visualizer-watchUITests */,
			);
		};
/* End PBXProject section */

/* Begin PBXResourcesBuildPhase section */
		49A8571227B429A200355ADB /* Resources */ = {
			isa = PBXResourcesBuildPhase;
			buildActionMask = 2147483647;
			files = (
			);
			runOnlyForDeploymentPostprocessing = 0;
		};
		49C78DBA27B810E5009CE4F8 /* Resources */ = {
			isa = PBXResourcesBuildPhase;
			buildActionMask = 2147483647;
			files = (
			);
			runOnlyForDeploymentPostprocessing = 0;
		};
		49D6409F27B1333900E776C3 /* Resources */ = {
			isa = PBXResourcesBuildPhase;
			buildActionMask = 2147483647;
			files = (
				49D640A427B1333C00E776C3 /* Assets.xcassets in Resources */,
			);
			runOnlyForDeploymentPostprocessing = 0;
		};
		49D640A727B1333C00E776C3 /* Resources */ = {
			isa = PBXResourcesBuildPhase;
			buildActionMask = 2147483647;
			files = (
				49D640BC27B1333E00E776C3 /* Preview Assets.xcassets in Resources */,
				49D640E827B13C4300E776C3 /* Assets.xcassets in Resources */,
				49D640B927B1333E00E776C3 /* Assets.xcassets in Resources */,
			);
			runOnlyForDeploymentPostprocessing = 0;
		};
		49D640C127B1333E00E776C3 /* Resources */ = {
			isa = PBXResourcesBuildPhase;
			buildActionMask = 2147483647;
			files = (
			);
			runOnlyForDeploymentPostprocessing = 0;
		};
		49D640CB27B1333E00E776C3 /* Resources */ = {
			isa = PBXResourcesBuildPhase;
			buildActionMask = 2147483647;
			files = (
			);
			runOnlyForDeploymentPostprocessing = 0;
		};
		8EEFAF8727130F7E00E3651D /* Resources */ = {
			isa = PBXResourcesBuildPhase;
			buildActionMask = 2147483647;
			files = (
				8EEFAF9427130F8000E3651D /* Preview Assets.xcassets in Resources */,
				8EEFAF9127130F8000E3651D /* Assets.xcassets in Resources */,
			);
			runOnlyForDeploymentPostprocessing = 0;
		};
/* End PBXResourcesBuildPhase section */

/* Begin PBXSourcesBuildPhase section */
		49A8571027B429A200355ADB /* Sources */ = {
			isa = PBXSourcesBuildPhase;
			buildActionMask = 2147483647;
			files = (
				49A8571727B429A200355ADB /* visualizerTests.swift in Sources */,
				49A8571E27B42F1300355ADB /* InteractiveTutorialViewModelTests.swift in Sources */,
			);
			runOnlyForDeploymentPostprocessing = 0;
		};
		49C78DB827B810E5009CE4F8 /* Sources */ = {
			isa = PBXSourcesBuildPhase;
			buildActionMask = 2147483647;
			files = (
				49C78DC127B810E5009CE4F8 /* visualizerUITestsLaunchTests.swift in Sources */,
				49C78DBF27B810E5009CE4F8 /* visualizerUITests.swift in Sources */,
				49C78DCA27B8171D009CE4F8 /* InteractiveTutorialViewTests.swift in Sources */,
			);
			runOnlyForDeploymentPostprocessing = 0;
		};
		49D640A527B1333C00E776C3 /* Sources */ = {
			isa = PBXSourcesBuildPhase;
			buildActionMask = 2147483647;
			files = (
				49EA05BA27B18AD90036EED4 /* Typography.swift in Sources */,
				49D640B327B1333C00E776C3 /* NotificationController.swift in Sources */,
				49D640B127B1333C00E776C3 /* ContentView.swift in Sources */,
				49EA05B927B16B580036EED4 /* WatchConnectivityViewModel.swift in Sources */,
				49D640F827B1621200E776C3 /* visualizerApp.swift in Sources */,
				49EA05BB27B18ADD0036EED4 /* Color.swift in Sources */,
				49D640B727B1333C00E776C3 /* ComplicationController.swift in Sources */,
				49D640B527B1333C00E776C3 /* NotificationView.swift in Sources */,
			);
			runOnlyForDeploymentPostprocessing = 0;
		};
		49D640BF27B1333E00E776C3 /* Sources */ = {
			isa = PBXSourcesBuildPhase;
			buildActionMask = 2147483647;
			files = (
				49D640C827B1333E00E776C3 /* visualizer_watchTests.swift in Sources */,
			);
			runOnlyForDeploymentPostprocessing = 0;
		};
		49D640C927B1333E00E776C3 /* Sources */ = {
			isa = PBXSourcesBuildPhase;
			buildActionMask = 2147483647;
			files = (
				49D640D427B1333E00E776C3 /* visualizer_watchUITestsLaunchTests.swift in Sources */,
				49D640D227B1333E00E776C3 /* visualizer_watchUITests.swift in Sources */,
			);
			runOnlyForDeploymentPostprocessing = 0;
		};
		8EEFAF8527130F7E00E3651D /* Sources */ = {
			isa = PBXSourcesBuildPhase;
			buildActionMask = 2147483647;
			files = (
				8E09212527BA994900F540B6 /* InstrumentButton.swift in Sources */,
				8EECA38F27382E800083FD02 /* Frequencies.swift in Sources */,
				49D6F7F1274939D000CDCCE4 /* PitchNotation.swift in Sources */,
				8EECA39327384BC30083FD02 /* Axis.swift in Sources */,
				498F0BEF274F8FC600A46486 /* SettingView.swift in Sources */,
				4906C6AD2753760D001C52BC /* Setting.swift in Sources */,
				49C5B3892795B74500D4A63C /* InteractiveTutorialView.swift in Sources */,
				8E8DB87E273807490010FE7E /* TimbreView.swift in Sources */,
				8E09213827BB803A00F540B6 /* TimbreDrawer.swift in Sources */,
				8E8DB884273811120010FE7E /* TouchEventModifier.swift in Sources */,
				8EECA39127382E8E0083FD02 /* VBar.swift in Sources */,
				8E09213627BB7F4900F540B6 /* TimbreDrawerViewModel.swift in Sources */,
				8EECA395273852030083FD02 /* ViewExtension.swift in Sources */,
				8E8DB88027380AD30010FE7E /* PitchIndicator.swift in Sources */,
				8EECA397273856200083FD02 /* DrawerButton.swift in Sources */,
				492D8BFF27C51B8E006964D7 /* Cello.swift in Sources */,
				4910419327AC37FA00196A2D /* InteractiveTutorialViewModel.swift in Sources */,
				498F0BED274F808B00A46486 /* MoreButton.swift in Sources */,
				498F0BF1274F909600A46486 /* DismissButton.swift in Sources */,
				49DECB11273A730D00C992CE /* Typography.swift in Sources */,
				8E63BE2527B29DB6007735DF /* Harmonics.swift in Sources */,
				8EEFAF8D27130F7E00E3651D /* visualizerApp.swift in Sources */,
				8EC438BE279ED706009B24E1 /* LiveDropdown.swift in Sources */,
				491041D127ADB32100196A2D /* Audio.swift in Sources */,
				8EC8CD6927253D3700B6E8E7 /* ContentView.swift in Sources */,
				8E5F446E27BBDF8100DF21D8 /* DrawerView.swift in Sources */,
				8E09212327BA981900F540B6 /* TimbreDrawerView.swift in Sources */,
				8E68DC2F2747EE2600F418E6 /* AudioViewModel.swift in Sources */,
				499098BC27CD499D00C2A832 /* Violin.swift in Sources */,
				490E8B632739176B0047DE64 /* Color.swift in Sources */,
				8E8DB87C273805830010FE7E /* SoundView.swift in Sources */,
				49558BB127C5484500F8CEB9 /* Flute.swift in Sources */,
				4906C6AB27537571001C52BC /* SettingViewModel.swift in Sources */,
				8E8DB88227380B630010FE7E /* PitchLetter.swift in Sources */,
				8E8DB87A273802FF0010FE7E /* PitchView.swift in Sources */,
				49EA05B727B168DA0036EED4 /* WatchConnectivityViewModel.swift in Sources */,
				498F0BF3274FC11700A46486 /* SettingButton.swift in Sources */,
				49F9A502279BDF6600AC4A4A /* InteractiveTutorial.swift in Sources */,
				8E8DB8862738161A0010FE7E /* LiveButton.swift in Sources */,
			);
			runOnlyForDeploymentPostprocessing = 0;
		};
/* End PBXSourcesBuildPhase section */

/* Begin PBXTargetDependency section */
		49A8571927B429A200355ADB /* PBXTargetDependency */ = {
			isa = PBXTargetDependency;
			target = 8EEFAF8827130F7E00E3651D /* visualizer */;
			targetProxy = 49A8571827B429A200355ADB /* PBXContainerItemProxy */;
		};
		49C78DC327B810E5009CE4F8 /* PBXTargetDependency */ = {
			isa = PBXTargetDependency;
			target = 8EEFAF8827130F7E00E3651D /* visualizer */;
			targetProxy = 49C78DC227B810E5009CE4F8 /* PBXContainerItemProxy */;
		};
		49D640AC27B1333C00E776C3 /* PBXTargetDependency */ = {
			isa = PBXTargetDependency;
			target = 49D640A827B1333C00E776C3 /* visualizer-watch WatchKit Extension */;
			targetProxy = 49D640AB27B1333C00E776C3 /* PBXContainerItemProxy */;
		};
		49D640C527B1333E00E776C3 /* PBXTargetDependency */ = {
			isa = PBXTargetDependency;
			target = 49D640A827B1333C00E776C3 /* visualizer-watch WatchKit Extension */;
			targetProxy = 49D640C427B1333E00E776C3 /* PBXContainerItemProxy */;
		};
		49D640CF27B1333E00E776C3 /* PBXTargetDependency */ = {
			isa = PBXTargetDependency;
			target = 49D640A027B1333900E776C3 /* visualizer-watch */;
			targetProxy = 49D640CE27B1333E00E776C3 /* PBXContainerItemProxy */;
		};
		49D640D627B1333E00E776C3 /* PBXTargetDependency */ = {
			isa = PBXTargetDependency;
			target = 49D640A027B1333900E776C3 /* visualizer-watch */;
			targetProxy = 49D640D527B1333E00E776C3 /* PBXContainerItemProxy */;
		};
/* End PBXTargetDependency section */

/* Begin XCBuildConfiguration section */
		49A8571A27B429A200355ADB /* Debug */ = {
			isa = XCBuildConfiguration;
			buildSettings = {
				BUNDLE_LOADER = "$(TEST_HOST)";
				CODE_SIGN_STYLE = Automatic;
				CURRENT_PROJECT_VERSION = 1;
				DEVELOPMENT_TEAM = QQS593TJVN;
				GENERATE_INFOPLIST_FILE = YES;
				IPHONEOS_DEPLOYMENT_TARGET = 15.2;
				MARKETING_VERSION = 1.0;
				PRODUCT_BUNDLE_IDENTIFIER = com.visualizerTests;
				PRODUCT_NAME = "$(TARGET_NAME)";
				SWIFT_EMIT_LOC_STRINGS = NO;
				SWIFT_VERSION = 5.0;
				TARGETED_DEVICE_FAMILY = "1,2";
				TEST_HOST = "$(BUILT_PRODUCTS_DIR)/visualizer.app/visualizer";
			};
			name = Debug;
		};
		49A8571B27B429A200355ADB /* Release */ = {
			isa = XCBuildConfiguration;
			buildSettings = {
				BUNDLE_LOADER = "$(TEST_HOST)";
				CODE_SIGN_STYLE = Automatic;
				CURRENT_PROJECT_VERSION = 1;
				DEVELOPMENT_TEAM = QQS593TJVN;
				GENERATE_INFOPLIST_FILE = YES;
				IPHONEOS_DEPLOYMENT_TARGET = 15.2;
				MARKETING_VERSION = 1.0;
				PRODUCT_BUNDLE_IDENTIFIER = com.visualizerTests;
				PRODUCT_NAME = "$(TARGET_NAME)";
				SWIFT_EMIT_LOC_STRINGS = NO;
				SWIFT_VERSION = 5.0;
				TARGETED_DEVICE_FAMILY = "1,2";
				TEST_HOST = "$(BUILT_PRODUCTS_DIR)/visualizer.app/visualizer";
			};
			name = Release;
		};
		49C78DC427B810E5009CE4F8 /* Debug */ = {
			isa = XCBuildConfiguration;
			buildSettings = {
				CODE_SIGN_STYLE = Automatic;
				CURRENT_PROJECT_VERSION = 1;
				DEVELOPMENT_TEAM = QQS593TJVN;
				GENERATE_INFOPLIST_FILE = YES;
				IPHONEOS_DEPLOYMENT_TARGET = 15.2;
				MARKETING_VERSION = 1.0;
				PRODUCT_BUNDLE_IDENTIFIER = com.visualizerUITests;
				PRODUCT_NAME = "$(TARGET_NAME)";
				SWIFT_EMIT_LOC_STRINGS = NO;
				SWIFT_VERSION = 5.0;
				TARGETED_DEVICE_FAMILY = "1,2";
				TEST_TARGET_NAME = visualizer;
			};
			name = Debug;
		};
		49C78DC527B810E5009CE4F8 /* Release */ = {
			isa = XCBuildConfiguration;
			buildSettings = {
				CODE_SIGN_STYLE = Automatic;
				CURRENT_PROJECT_VERSION = 1;
				DEVELOPMENT_TEAM = QQS593TJVN;
				GENERATE_INFOPLIST_FILE = YES;
				IPHONEOS_DEPLOYMENT_TARGET = 15.2;
				MARKETING_VERSION = 1.0;
				PRODUCT_BUNDLE_IDENTIFIER = com.visualizerUITests;
				PRODUCT_NAME = "$(TARGET_NAME)";
				SWIFT_EMIT_LOC_STRINGS = NO;
				SWIFT_VERSION = 5.0;
				TARGETED_DEVICE_FAMILY = "1,2";
				TEST_TARGET_NAME = visualizer;
			};
			name = Release;
		};
		49D640D927B1333E00E776C3 /* Debug */ = {
			isa = XCBuildConfiguration;
			buildSettings = {
				ALWAYS_EMBED_SWIFT_STANDARD_LIBRARIES = YES;
				ASSETCATALOG_COMPILER_APPICON_NAME = AppIcon;
				ASSETCATALOG_COMPILER_GLOBAL_ACCENT_COLOR_NAME = AccentColor;
				CODE_SIGN_STYLE = Automatic;
				CURRENT_PROJECT_VERSION = 4;
				DEVELOPMENT_TEAM = QQS593TJVN;
				GENERATE_INFOPLIST_FILE = YES;
				IBSC_MODULE = visualizer_watch_WatchKit_Extension;
				INFOPLIST_KEY_UISupportedInterfaceOrientations = "UIInterfaceOrientationPortrait UIInterfaceOrientationPortraitUpsideDown";
				INFOPLIST_KEY_WKCompanionAppBundleIdentifier = com.cjc2101.visualizer;
				MARKETING_VERSION = 0.2.0;
				PRODUCT_BUNDLE_IDENTIFIER = com.cjc2101.visualizer.watchkitapp;
				PRODUCT_NAME = SoundsGood;
				SDKROOT = watchos;
				SKIP_INSTALL = YES;
				SWIFT_EMIT_LOC_STRINGS = YES;
				SWIFT_VERSION = 5.0;
				TARGETED_DEVICE_FAMILY = 4;
				WATCHOS_DEPLOYMENT_TARGET = 8.3;
			};
			name = Debug;
		};
		49D640DA27B1333E00E776C3 /* Release */ = {
			isa = XCBuildConfiguration;
			buildSettings = {
				ALWAYS_EMBED_SWIFT_STANDARD_LIBRARIES = YES;
				ASSETCATALOG_COMPILER_APPICON_NAME = AppIcon;
				ASSETCATALOG_COMPILER_GLOBAL_ACCENT_COLOR_NAME = AccentColor;
				CODE_SIGN_STYLE = Automatic;
				CURRENT_PROJECT_VERSION = 4;
				DEVELOPMENT_TEAM = QQS593TJVN;
				GENERATE_INFOPLIST_FILE = YES;
				IBSC_MODULE = visualizer_watch_WatchKit_Extension;
				INFOPLIST_KEY_UISupportedInterfaceOrientations = "UIInterfaceOrientationPortrait UIInterfaceOrientationPortraitUpsideDown";
				INFOPLIST_KEY_WKCompanionAppBundleIdentifier = com.cjc2101.visualizer;
				MARKETING_VERSION = 0.2.0;
				PRODUCT_BUNDLE_IDENTIFIER = com.cjc2101.visualizer.watchkitapp;
				PRODUCT_NAME = SoundsGood;
				SDKROOT = watchos;
				SKIP_INSTALL = YES;
				SWIFT_EMIT_LOC_STRINGS = YES;
				SWIFT_VERSION = 5.0;
				TARGETED_DEVICE_FAMILY = 4;
				WATCHOS_DEPLOYMENT_TARGET = 8.3;
			};
			name = Release;
		};
		49D640DC27B1333E00E776C3 /* Debug */ = {
			isa = XCBuildConfiguration;
			buildSettings = {
				ASSETCATALOG_COMPILER_COMPLICATION_NAME = Complication;
				CODE_SIGN_STYLE = Automatic;
				CURRENT_PROJECT_VERSION = 4;
				DEVELOPMENT_ASSET_PATHS = "\"visualizer-watch WatchKit Extension/Preview Content\"";
				DEVELOPMENT_TEAM = QQS593TJVN;
				ENABLE_PREVIEWS = YES;
				GENERATE_INFOPLIST_FILE = YES;
				INFOPLIST_FILE = "visualizer-watch WatchKit Extension/Info.plist";
				INFOPLIST_KEY_CFBundleDisplayName = SoundsGood;
				INFOPLIST_KEY_CLKComplicationPrincipalClass = visualizer_watch_WatchKit_Extension.ComplicationController;
				INFOPLIST_KEY_NSHumanReadableCopyright = "";
				INFOPLIST_KEY_WKRunsIndependentlyOfCompanionApp = NO;
				LD_RUNPATH_SEARCH_PATHS = (
					"$(inherited)",
					"@executable_path/Frameworks",
					"@executable_path/../../Frameworks",
				);
				MARKETING_VERSION = 0.2.0;
				PRODUCT_BUNDLE_IDENTIFIER = com.cjc2101.visualizer.watchkitapp.watchkitextension;
				PRODUCT_NAME = "${TARGET_NAME}";
				SDKROOT = watchos;
				SKIP_INSTALL = YES;
				SWIFT_EMIT_LOC_STRINGS = YES;
				SWIFT_VERSION = 5.0;
				TARGETED_DEVICE_FAMILY = 4;
				WATCHOS_DEPLOYMENT_TARGET = 8.3;
			};
			name = Debug;
		};
		49D640DD27B1333E00E776C3 /* Release */ = {
			isa = XCBuildConfiguration;
			buildSettings = {
				ASSETCATALOG_COMPILER_COMPLICATION_NAME = Complication;
				CODE_SIGN_STYLE = Automatic;
				CURRENT_PROJECT_VERSION = 4;
				DEVELOPMENT_ASSET_PATHS = "\"visualizer-watch WatchKit Extension/Preview Content\"";
				DEVELOPMENT_TEAM = QQS593TJVN;
				ENABLE_PREVIEWS = YES;
				GENERATE_INFOPLIST_FILE = YES;
				INFOPLIST_FILE = "visualizer-watch WatchKit Extension/Info.plist";
				INFOPLIST_KEY_CFBundleDisplayName = SoundsGood;
				INFOPLIST_KEY_CLKComplicationPrincipalClass = visualizer_watch_WatchKit_Extension.ComplicationController;
				INFOPLIST_KEY_NSHumanReadableCopyright = "";
				INFOPLIST_KEY_WKRunsIndependentlyOfCompanionApp = NO;
				LD_RUNPATH_SEARCH_PATHS = (
					"$(inherited)",
					"@executable_path/Frameworks",
					"@executable_path/../../Frameworks",
				);
				MARKETING_VERSION = 0.2.0;
				PRODUCT_BUNDLE_IDENTIFIER = com.cjc2101.visualizer.watchkitapp.watchkitextension;
				PRODUCT_NAME = "${TARGET_NAME}";
				SDKROOT = watchos;
				SKIP_INSTALL = YES;
				SWIFT_EMIT_LOC_STRINGS = YES;
				SWIFT_VERSION = 5.0;
				TARGETED_DEVICE_FAMILY = 4;
				WATCHOS_DEPLOYMENT_TARGET = 8.3;
			};
			name = Release;
		};
		49D640DE27B1333E00E776C3 /* Debug */ = {
			isa = XCBuildConfiguration;
			buildSettings = {
				ALWAYS_EMBED_SWIFT_STANDARD_LIBRARIES = YES;
				BUNDLE_LOADER = "$(TEST_HOST)";
				CODE_SIGN_STYLE = Automatic;
				CURRENT_PROJECT_VERSION = 1;
				DEVELOPMENT_TEAM = QQS593TJVN;
				GENERATE_INFOPLIST_FILE = YES;
				MARKETING_VERSION = 1.0;
				PRODUCT_BUNDLE_IDENTIFIER = "com.cjc2101.visualizer.visualizer-watchTests";
				PRODUCT_NAME = "$(TARGET_NAME)";
				SDKROOT = watchos;
				SWIFT_EMIT_LOC_STRINGS = NO;
				SWIFT_VERSION = 5.0;
				TARGETED_DEVICE_FAMILY = 4;
				TEST_HOST = "$(BUILT_PRODUCTS_DIR)/visualizer-watch WatchKit Extension.appex/visualizer-watch WatchKit Extension";
				WATCHOS_DEPLOYMENT_TARGET = 8.3;
			};
			name = Debug;
		};
		49D640DF27B1333E00E776C3 /* Release */ = {
			isa = XCBuildConfiguration;
			buildSettings = {
				ALWAYS_EMBED_SWIFT_STANDARD_LIBRARIES = YES;
				BUNDLE_LOADER = "$(TEST_HOST)";
				CODE_SIGN_STYLE = Automatic;
				CURRENT_PROJECT_VERSION = 1;
				DEVELOPMENT_TEAM = QQS593TJVN;
				GENERATE_INFOPLIST_FILE = YES;
				MARKETING_VERSION = 1.0;
				PRODUCT_BUNDLE_IDENTIFIER = "com.cjc2101.visualizer.visualizer-watchTests";
				PRODUCT_NAME = "$(TARGET_NAME)";
				SDKROOT = watchos;
				SWIFT_EMIT_LOC_STRINGS = NO;
				SWIFT_VERSION = 5.0;
				TARGETED_DEVICE_FAMILY = 4;
				TEST_HOST = "$(BUILT_PRODUCTS_DIR)/visualizer-watch WatchKit Extension.appex/visualizer-watch WatchKit Extension";
				WATCHOS_DEPLOYMENT_TARGET = 8.3;
			};
			name = Release;
		};
		49D640E027B1333E00E776C3 /* Debug */ = {
			isa = XCBuildConfiguration;
			buildSettings = {
				CODE_SIGN_STYLE = Automatic;
				CURRENT_PROJECT_VERSION = 1;
				DEVELOPMENT_TEAM = QQS593TJVN;
				GENERATE_INFOPLIST_FILE = YES;
				MARKETING_VERSION = 1.0;
				PRODUCT_BUNDLE_IDENTIFIER = "com.cjc2101.visualizer.visualizer-watchUITests";
				PRODUCT_NAME = "$(TARGET_NAME)";
				SDKROOT = watchos;
				SWIFT_EMIT_LOC_STRINGS = NO;
				SWIFT_VERSION = 5.0;
				TARGETED_DEVICE_FAMILY = 4;
				TEST_TARGET_NAME = "visualizer-watch";
				WATCHOS_DEPLOYMENT_TARGET = 8.3;
			};
			name = Debug;
		};
		49D640E127B1333E00E776C3 /* Release */ = {
			isa = XCBuildConfiguration;
			buildSettings = {
				CODE_SIGN_STYLE = Automatic;
				CURRENT_PROJECT_VERSION = 1;
				DEVELOPMENT_TEAM = QQS593TJVN;
				GENERATE_INFOPLIST_FILE = YES;
				MARKETING_VERSION = 1.0;
				PRODUCT_BUNDLE_IDENTIFIER = "com.cjc2101.visualizer.visualizer-watchUITests";
				PRODUCT_NAME = "$(TARGET_NAME)";
				SDKROOT = watchos;
				SWIFT_EMIT_LOC_STRINGS = NO;
				SWIFT_VERSION = 5.0;
				TARGETED_DEVICE_FAMILY = 4;
				TEST_TARGET_NAME = "visualizer-watch";
				WATCHOS_DEPLOYMENT_TARGET = 8.3;
			};
			name = Release;
		};
		8EEFAF9527130F8000E3651D /* Debug */ = {
			isa = XCBuildConfiguration;
			buildSettings = {
				ALWAYS_SEARCH_USER_PATHS = NO;
				CLANG_ANALYZER_NONNULL = YES;
				CLANG_ANALYZER_NUMBER_OBJECT_CONVERSION = YES_AGGRESSIVE;
				CLANG_CXX_LANGUAGE_STANDARD = "gnu++17";
				CLANG_CXX_LIBRARY = "libc++";
				CLANG_ENABLE_MODULES = YES;
				CLANG_ENABLE_OBJC_ARC = YES;
				CLANG_ENABLE_OBJC_WEAK = YES;
				CLANG_WARN_BLOCK_CAPTURE_AUTORELEASING = YES;
				CLANG_WARN_BOOL_CONVERSION = YES;
				CLANG_WARN_COMMA = YES;
				CLANG_WARN_CONSTANT_CONVERSION = YES;
				CLANG_WARN_DEPRECATED_OBJC_IMPLEMENTATIONS = YES;
				CLANG_WARN_DIRECT_OBJC_ISA_USAGE = YES_ERROR;
				CLANG_WARN_DOCUMENTATION_COMMENTS = YES;
				CLANG_WARN_EMPTY_BODY = YES;
				CLANG_WARN_ENUM_CONVERSION = YES;
				CLANG_WARN_INFINITE_RECURSION = YES;
				CLANG_WARN_INT_CONVERSION = YES;
				CLANG_WARN_NON_LITERAL_NULL_CONVERSION = YES;
				CLANG_WARN_OBJC_IMPLICIT_RETAIN_SELF = YES;
				CLANG_WARN_OBJC_LITERAL_CONVERSION = YES;
				CLANG_WARN_OBJC_ROOT_CLASS = YES_ERROR;
				CLANG_WARN_QUOTED_INCLUDE_IN_FRAMEWORK_HEADER = YES;
				CLANG_WARN_RANGE_LOOP_ANALYSIS = YES;
				CLANG_WARN_STRICT_PROTOTYPES = YES;
				CLANG_WARN_SUSPICIOUS_MOVE = YES;
				CLANG_WARN_UNGUARDED_AVAILABILITY = YES_AGGRESSIVE;
				CLANG_WARN_UNREACHABLE_CODE = YES;
				CLANG_WARN__DUPLICATE_METHOD_MATCH = YES;
				COPY_PHASE_STRIP = NO;
				DEBUG_INFORMATION_FORMAT = dwarf;
				ENABLE_STRICT_OBJC_MSGSEND = YES;
				ENABLE_TESTABILITY = YES;
				GCC_C_LANGUAGE_STANDARD = gnu11;
				GCC_DYNAMIC_NO_PIC = NO;
				GCC_NO_COMMON_BLOCKS = YES;
				GCC_OPTIMIZATION_LEVEL = 0;
				GCC_PREPROCESSOR_DEFINITIONS = (
					"DEBUG=1",
					"$(inherited)",
				);
				GCC_WARN_64_TO_32_BIT_CONVERSION = YES;
				GCC_WARN_ABOUT_RETURN_TYPE = YES_ERROR;
				GCC_WARN_UNDECLARED_SELECTOR = YES;
				GCC_WARN_UNINITIALIZED_AUTOS = YES_AGGRESSIVE;
				GCC_WARN_UNUSED_FUNCTION = YES;
				GCC_WARN_UNUSED_VARIABLE = YES;
				IPHONEOS_DEPLOYMENT_TARGET = 15.0;
				MTL_ENABLE_DEBUG_INFO = INCLUDE_SOURCE;
				MTL_FAST_MATH = YES;
				ONLY_ACTIVE_ARCH = YES;
				SDKROOT = iphoneos;
				SWIFT_ACTIVE_COMPILATION_CONDITIONS = DEBUG;
				SWIFT_OPTIMIZATION_LEVEL = "-Onone";
			};
			name = Debug;
		};
		8EEFAF9627130F8000E3651D /* Release */ = {
			isa = XCBuildConfiguration;
			buildSettings = {
				ALWAYS_SEARCH_USER_PATHS = NO;
				CLANG_ANALYZER_NONNULL = YES;
				CLANG_ANALYZER_NUMBER_OBJECT_CONVERSION = YES_AGGRESSIVE;
				CLANG_CXX_LANGUAGE_STANDARD = "gnu++17";
				CLANG_CXX_LIBRARY = "libc++";
				CLANG_ENABLE_MODULES = YES;
				CLANG_ENABLE_OBJC_ARC = YES;
				CLANG_ENABLE_OBJC_WEAK = YES;
				CLANG_WARN_BLOCK_CAPTURE_AUTORELEASING = YES;
				CLANG_WARN_BOOL_CONVERSION = YES;
				CLANG_WARN_COMMA = YES;
				CLANG_WARN_CONSTANT_CONVERSION = YES;
				CLANG_WARN_DEPRECATED_OBJC_IMPLEMENTATIONS = YES;
				CLANG_WARN_DIRECT_OBJC_ISA_USAGE = YES_ERROR;
				CLANG_WARN_DOCUMENTATION_COMMENTS = YES;
				CLANG_WARN_EMPTY_BODY = YES;
				CLANG_WARN_ENUM_CONVERSION = YES;
				CLANG_WARN_INFINITE_RECURSION = YES;
				CLANG_WARN_INT_CONVERSION = YES;
				CLANG_WARN_NON_LITERAL_NULL_CONVERSION = YES;
				CLANG_WARN_OBJC_IMPLICIT_RETAIN_SELF = YES;
				CLANG_WARN_OBJC_LITERAL_CONVERSION = YES;
				CLANG_WARN_OBJC_ROOT_CLASS = YES_ERROR;
				CLANG_WARN_QUOTED_INCLUDE_IN_FRAMEWORK_HEADER = YES;
				CLANG_WARN_RANGE_LOOP_ANALYSIS = YES;
				CLANG_WARN_STRICT_PROTOTYPES = YES;
				CLANG_WARN_SUSPICIOUS_MOVE = YES;
				CLANG_WARN_UNGUARDED_AVAILABILITY = YES_AGGRESSIVE;
				CLANG_WARN_UNREACHABLE_CODE = YES;
				CLANG_WARN__DUPLICATE_METHOD_MATCH = YES;
				COPY_PHASE_STRIP = NO;
				DEBUG_INFORMATION_FORMAT = "dwarf-with-dsym";
				ENABLE_NS_ASSERTIONS = NO;
				ENABLE_STRICT_OBJC_MSGSEND = YES;
				GCC_C_LANGUAGE_STANDARD = gnu11;
				GCC_NO_COMMON_BLOCKS = YES;
				GCC_WARN_64_TO_32_BIT_CONVERSION = YES;
				GCC_WARN_ABOUT_RETURN_TYPE = YES_ERROR;
				GCC_WARN_UNDECLARED_SELECTOR = YES;
				GCC_WARN_UNINITIALIZED_AUTOS = YES_AGGRESSIVE;
				GCC_WARN_UNUSED_FUNCTION = YES;
				GCC_WARN_UNUSED_VARIABLE = YES;
				IPHONEOS_DEPLOYMENT_TARGET = 15.0;
				MTL_ENABLE_DEBUG_INFO = NO;
				MTL_FAST_MATH = YES;
				SDKROOT = iphoneos;
				SWIFT_COMPILATION_MODE = wholemodule;
				SWIFT_OPTIMIZATION_LEVEL = "-O";
				VALIDATE_PRODUCT = YES;
			};
			name = Release;
		};
		8EEFAF9827130F8000E3651D /* Debug */ = {
			isa = XCBuildConfiguration;
			buildSettings = {
				ASSETCATALOG_COMPILER_APPICON_NAME = AppIcon;
				ASSETCATALOG_COMPILER_GLOBAL_ACCENT_COLOR_NAME = AccentColor;
				CODE_SIGN_STYLE = Automatic;
				CURRENT_PROJECT_VERSION = 4;
				DEVELOPMENT_ASSET_PATHS = "\"visualizer/Preview Content\"";
				DEVELOPMENT_TEAM = QQS593TJVN;
				ENABLE_PREVIEWS = YES;
				GENERATE_INFOPLIST_FILE = YES;
				INFOPLIST_FILE = visualizer/Info.plist;
				INFOPLIST_KEY_CFBundleDisplayName = SoundsGood;
				INFOPLIST_KEY_NSMicrophoneUsageDescription = "Please allow mic usage";
				INFOPLIST_KEY_UIApplicationSceneManifest_Generation = YES;
				INFOPLIST_KEY_UIApplicationSupportsIndirectInputEvents = YES;
				INFOPLIST_KEY_UILaunchScreen_Generation = YES;
				INFOPLIST_KEY_UISupportedInterfaceOrientations_iPad = "UIInterfaceOrientationPortrait UIInterfaceOrientationPortraitUpsideDown UIInterfaceOrientationLandscapeLeft UIInterfaceOrientationLandscapeRight";
				INFOPLIST_KEY_UISupportedInterfaceOrientations_iPhone = "UIInterfaceOrientationPortrait UIInterfaceOrientationLandscapeLeft UIInterfaceOrientationLandscapeRight";
				IPHONEOS_DEPLOYMENT_TARGET = 14.0;
				LD_RUNPATH_SEARCH_PATHS = (
					"$(inherited)",
					"@executable_path/Frameworks",
				);
				MARKETING_VERSION = 0.2.0;
				PRODUCT_BUNDLE_IDENTIFIER = com.cjc2101.visualizer;
				PRODUCT_NAME = "$(TARGET_NAME)";
				SWIFT_EMIT_LOC_STRINGS = YES;
				SWIFT_VERSION = 5.0;
				TARGETED_DEVICE_FAMILY = "1,2";
			};
			name = Debug;
		};
		8EEFAF9927130F8000E3651D /* Release */ = {
			isa = XCBuildConfiguration;
			buildSettings = {
				ASSETCATALOG_COMPILER_APPICON_NAME = AppIcon;
				ASSETCATALOG_COMPILER_GLOBAL_ACCENT_COLOR_NAME = AccentColor;
				CODE_SIGN_STYLE = Automatic;
				CURRENT_PROJECT_VERSION = 4;
				DEVELOPMENT_ASSET_PATHS = "\"visualizer/Preview Content\"";
				DEVELOPMENT_TEAM = QQS593TJVN;
				ENABLE_PREVIEWS = YES;
				GENERATE_INFOPLIST_FILE = YES;
				INFOPLIST_FILE = visualizer/Info.plist;
				INFOPLIST_KEY_CFBundleDisplayName = SoundsGood;
				INFOPLIST_KEY_NSMicrophoneUsageDescription = "Please allow mic usage";
				INFOPLIST_KEY_UIApplicationSceneManifest_Generation = YES;
				INFOPLIST_KEY_UIApplicationSupportsIndirectInputEvents = YES;
				INFOPLIST_KEY_UILaunchScreen_Generation = YES;
				INFOPLIST_KEY_UISupportedInterfaceOrientations_iPad = "UIInterfaceOrientationPortrait UIInterfaceOrientationPortraitUpsideDown UIInterfaceOrientationLandscapeLeft UIInterfaceOrientationLandscapeRight";
				INFOPLIST_KEY_UISupportedInterfaceOrientations_iPhone = "UIInterfaceOrientationPortrait UIInterfaceOrientationLandscapeLeft UIInterfaceOrientationLandscapeRight";
				IPHONEOS_DEPLOYMENT_TARGET = 14.0;
				LD_RUNPATH_SEARCH_PATHS = (
					"$(inherited)",
					"@executable_path/Frameworks",
				);
				MARKETING_VERSION = 0.2.0;
				PRODUCT_BUNDLE_IDENTIFIER = com.cjc2101.visualizer;
				PRODUCT_NAME = "$(TARGET_NAME)";
				SWIFT_EMIT_LOC_STRINGS = YES;
				SWIFT_VERSION = 5.0;
				TARGETED_DEVICE_FAMILY = "1,2";
			};
			name = Release;
		};
/* End XCBuildConfiguration section */

/* Begin XCConfigurationList section */
		49A8571C27B429A200355ADB /* Build configuration list for PBXNativeTarget "visualizerTests" */ = {
			isa = XCConfigurationList;
			buildConfigurations = (
				49A8571A27B429A200355ADB /* Debug */,
				49A8571B27B429A200355ADB /* Release */,
			);
			defaultConfigurationIsVisible = 0;
			defaultConfigurationName = Release;
		};
		49C78DC627B810E5009CE4F8 /* Build configuration list for PBXNativeTarget "visualizerUITests" */ = {
			isa = XCConfigurationList;
			buildConfigurations = (
				49C78DC427B810E5009CE4F8 /* Debug */,
				49C78DC527B810E5009CE4F8 /* Release */,
			);
			defaultConfigurationIsVisible = 0;
			defaultConfigurationName = Release;
		};
		49D640E227B1333E00E776C3 /* Build configuration list for PBXNativeTarget "visualizer-watch WatchKit Extension" */ = {
			isa = XCConfigurationList;
			buildConfigurations = (
				49D640DC27B1333E00E776C3 /* Debug */,
				49D640DD27B1333E00E776C3 /* Release */,
			);
			defaultConfigurationIsVisible = 0;
			defaultConfigurationName = Release;
		};
		49D640E327B1333E00E776C3 /* Build configuration list for PBXNativeTarget "visualizer-watch" */ = {
			isa = XCConfigurationList;
			buildConfigurations = (
				49D640D927B1333E00E776C3 /* Debug */,
				49D640DA27B1333E00E776C3 /* Release */,
			);
			defaultConfigurationIsVisible = 0;
			defaultConfigurationName = Release;
		};
		49D640E427B1333E00E776C3 /* Build configuration list for PBXNativeTarget "visualizer-watchTests" */ = {
			isa = XCConfigurationList;
			buildConfigurations = (
				49D640DE27B1333E00E776C3 /* Debug */,
				49D640DF27B1333E00E776C3 /* Release */,
			);
			defaultConfigurationIsVisible = 0;
			defaultConfigurationName = Release;
		};
		49D640E527B1333E00E776C3 /* Build configuration list for PBXNativeTarget "visualizer-watchUITests" */ = {
			isa = XCConfigurationList;
			buildConfigurations = (
				49D640E027B1333E00E776C3 /* Debug */,
				49D640E127B1333E00E776C3 /* Release */,
			);
			defaultConfigurationIsVisible = 0;
			defaultConfigurationName = Release;
		};
		8EEFAF8427130F7E00E3651D /* Build configuration list for PBXProject "visualizer" */ = {
			isa = XCConfigurationList;
			buildConfigurations = (
				8EEFAF9527130F8000E3651D /* Debug */,
				8EEFAF9627130F8000E3651D /* Release */,
			);
			defaultConfigurationIsVisible = 0;
			defaultConfigurationName = Release;
		};
		8EEFAF9727130F8000E3651D /* Build configuration list for PBXNativeTarget "visualizer" */ = {
			isa = XCConfigurationList;
			buildConfigurations = (
				8EEFAF9827130F8000E3651D /* Debug */,
				8EEFAF9927130F8000E3651D /* Release */,
			);
			defaultConfigurationIsVisible = 0;
			defaultConfigurationName = Release;
		};
/* End XCConfigurationList section */

/* Begin XCRemoteSwiftPackageReference section */
		49D6F7EC274926AA00CDCCE4 /* XCRemoteSwiftPackageReference "SoundpipeAudioKit" */ = {
			isa = XCRemoteSwiftPackageReference;
			repositoryURL = "https://github.com/AudioKit/SoundpipeAudioKit.git";
			requirement = {
				kind = upToNextMajorVersion;
				minimumVersion = 5.0.0;
			};
		};
		8E68DC302747EE8800F418E6 /* XCRemoteSwiftPackageReference "AudioKit" */ = {
			isa = XCRemoteSwiftPackageReference;
			repositoryURL = "https://github.com/AudioKit/AudioKit";
			requirement = {
				branch = main;
				kind = branch;
			};
		};
/* End XCRemoteSwiftPackageReference section */

/* Begin XCSwiftPackageProductDependency section */
		49D6F7ED274926AA00CDCCE4 /* SoundpipeAudioKit */ = {
			isa = XCSwiftPackageProductDependency;
			package = 49D6F7EC274926AA00CDCCE4 /* XCRemoteSwiftPackageReference "SoundpipeAudioKit" */;
			productName = SoundpipeAudioKit;
		};
		8E68DC312747EE8800F418E6 /* AudioKit */ = {
			isa = XCSwiftPackageProductDependency;
			package = 8E68DC302747EE8800F418E6 /* XCRemoteSwiftPackageReference "AudioKit" */;
			productName = AudioKit;
		};
/* End XCSwiftPackageProductDependency section */
	};
	rootObject = 8EEFAF8127130F7E00E3651D /* Project object */;
}
