// !$*UTF8*$!
{
	archiveVersion = 1;
	classes = {
	};
	objectVersion = 55;
	objects = {

/* Begin PBXBuildFile section */
		4906C6AB27537571001C52BC /* SettingViewModel.swift in Sources */ = {isa = PBXBuildFile; fileRef = 4906C6AA27537570001C52BC /* SettingViewModel.swift */; };
		4906C6AD2753760D001C52BC /* Setting.swift in Sources */ = {isa = PBXBuildFile; fileRef = 4906C6AC2753760D001C52BC /* Setting.swift */; };
		490E8B632739176B0047DE64 /* Color.swift in Sources */ = {isa = PBXBuildFile; fileRef = 490E8B622739176A0047DE64 /* Color.swift */; };
		498F0BED274F808B00A46486 /* MoreButton.swift in Sources */ = {isa = PBXBuildFile; fileRef = 498F0BEC274F808B00A46486 /* MoreButton.swift */; };
		498F0BEF274F8FC600A46486 /* SettingSheet.swift in Sources */ = {isa = PBXBuildFile; fileRef = 498F0BEE274F8FC500A46486 /* SettingSheet.swift */; };
		498F0BF1274F909600A46486 /* DismissButton.swift in Sources */ = {isa = PBXBuildFile; fileRef = 498F0BF0274F909600A46486 /* DismissButton.swift */; };
		498F0BF3274FC11700A46486 /* SettingButton.swift in Sources */ = {isa = PBXBuildFile; fileRef = 498F0BF2274FC11700A46486 /* SettingButton.swift */; };
		49D6F7EE274926AA00CDCCE4 /* SoundpipeAudioKit in Frameworks */ = {isa = PBXBuildFile; productRef = 49D6F7ED274926AA00CDCCE4 /* SoundpipeAudioKit */; };
		49D6F7F1274939D000CDCCE4 /* PitchNotation.swift in Sources */ = {isa = PBXBuildFile; fileRef = 49D6F7F0274939D000CDCCE4 /* PitchNotation.swift */; };
		49DECB11273A730D00C992CE /* Typography.swift in Sources */ = {isa = PBXBuildFile; fileRef = 49DECB10273A730D00C992CE /* Typography.swift */; };
		8E68DC2F2747EE2600F418E6 /* AudioViewModel.swift in Sources */ = {isa = PBXBuildFile; fileRef = 8E68DC2E2747EE2600F418E6 /* AudioViewModel.swift */; };
		8E68DC322747EE8800F418E6 /* AudioKit in Frameworks */ = {isa = PBXBuildFile; productRef = 8E68DC312747EE8800F418E6 /* AudioKit */; };
		8E8DB87A273802FF0010FE7E /* PitchView.swift in Sources */ = {isa = PBXBuildFile; fileRef = 8E8DB879273802FF0010FE7E /* PitchView.swift */; };
		8E8DB87C273805830010FE7E /* SoundView.swift in Sources */ = {isa = PBXBuildFile; fileRef = 8E8DB87B273805830010FE7E /* SoundView.swift */; };
		8E8DB87E273807490010FE7E /* TimbreView.swift in Sources */ = {isa = PBXBuildFile; fileRef = 8E8DB87D273807490010FE7E /* TimbreView.swift */; };
		8E8DB88027380AD30010FE7E /* PitchIndicator.swift in Sources */ = {isa = PBXBuildFile; fileRef = 8E8DB87F27380AD30010FE7E /* PitchIndicator.swift */; };
		8E8DB88227380B630010FE7E /* PitchLetter.swift in Sources */ = {isa = PBXBuildFile; fileRef = 8E8DB88127380B630010FE7E /* PitchLetter.swift */; };
		8E8DB884273811120010FE7E /* TouchEventModifier.swift in Sources */ = {isa = PBXBuildFile; fileRef = 8E8DB883273811120010FE7E /* TouchEventModifier.swift */; };
		8E8DB8862738161A0010FE7E /* LiveButton.swift in Sources */ = {isa = PBXBuildFile; fileRef = 8E8DB8852738161A0010FE7E /* LiveButton.swift */; };
		8EC8CD6927253D3700B6E8E7 /* ContentView.swift in Sources */ = {isa = PBXBuildFile; fileRef = 8EC8CD6827253D3700B6E8E7 /* ContentView.swift */; };
		8EECA38F27382E800083FD02 /* Frequencies.swift in Sources */ = {isa = PBXBuildFile; fileRef = 8EECA38E27382E800083FD02 /* Frequencies.swift */; };
		8EECA39127382E8E0083FD02 /* VBar.swift in Sources */ = {isa = PBXBuildFile; fileRef = 8EECA39027382E8E0083FD02 /* VBar.swift */; };
		8EECA39327384BC30083FD02 /* Axis.swift in Sources */ = {isa = PBXBuildFile; fileRef = 8EECA39227384BC30083FD02 /* Axis.swift */; };
		8EECA395273852030083FD02 /* ViewExtension.swift in Sources */ = {isa = PBXBuildFile; fileRef = 8EECA394273852030083FD02 /* ViewExtension.swift */; };
		8EECA397273856200083FD02 /* DrawerButton.swift in Sources */ = {isa = PBXBuildFile; fileRef = 8EECA396273856200083FD02 /* DrawerButton.swift */; };
		8EECA3992738574E0083FD02 /* HelpButton.swift in Sources */ = {isa = PBXBuildFile; fileRef = 8EECA3982738574E0083FD02 /* HelpButton.swift */; };
		8EEFAF8D27130F7E00E3651D /* visualizerApp.swift in Sources */ = {isa = PBXBuildFile; fileRef = 8EEFAF8C27130F7E00E3651D /* visualizerApp.swift */; };
		8EEFAF9127130F8000E3651D /* Assets.xcassets in Resources */ = {isa = PBXBuildFile; fileRef = 8EEFAF9027130F8000E3651D /* Assets.xcassets */; };
		8EEFAF9427130F8000E3651D /* Preview Assets.xcassets in Resources */ = {isa = PBXBuildFile; fileRef = 8EEFAF9327130F8000E3651D /* Preview Assets.xcassets */; };
/* End PBXBuildFile section */

/* Begin PBXFileReference section */
		4906C6AA27537570001C52BC /* SettingViewModel.swift */ = {isa = PBXFileReference; lastKnownFileType = sourcecode.swift; path = SettingViewModel.swift; sourceTree = "<group>"; };
		4906C6AC2753760D001C52BC /* Setting.swift */ = {isa = PBXFileReference; lastKnownFileType = sourcecode.swift; name = Setting.swift; path = visualizer/Models/Setting.swift; sourceTree = SOURCE_ROOT; };
		490E8B622739176A0047DE64 /* Color.swift */ = {isa = PBXFileReference; lastKnownFileType = sourcecode.swift; path = Color.swift; sourceTree = "<group>"; };
		498F0BEC274F808B00A46486 /* MoreButton.swift */ = {isa = PBXFileReference; lastKnownFileType = sourcecode.swift; path = MoreButton.swift; sourceTree = "<group>"; };
		498F0BEE274F8FC500A46486 /* SettingSheet.swift */ = {isa = PBXFileReference; lastKnownFileType = sourcecode.swift; path = SettingSheet.swift; sourceTree = "<group>"; };
		498F0BF0274F909600A46486 /* DismissButton.swift */ = {isa = PBXFileReference; lastKnownFileType = sourcecode.swift; path = DismissButton.swift; sourceTree = "<group>"; };
		498F0BF2274FC11700A46486 /* SettingButton.swift */ = {isa = PBXFileReference; lastKnownFileType = sourcecode.swift; path = SettingButton.swift; sourceTree = "<group>"; };
		49D6F7F0274939D000CDCCE4 /* PitchNotation.swift */ = {isa = PBXFileReference; lastKnownFileType = sourcecode.swift; path = PitchNotation.swift; sourceTree = "<group>"; };
		49DECB10273A730D00C992CE /* Typography.swift */ = {isa = PBXFileReference; lastKnownFileType = sourcecode.swift; path = Typography.swift; sourceTree = "<group>"; };
		8E68DC2E2747EE2600F418E6 /* AudioViewModel.swift */ = {isa = PBXFileReference; lastKnownFileType = sourcecode.swift; path = AudioViewModel.swift; sourceTree = "<group>"; };
		8E8DB879273802FF0010FE7E /* PitchView.swift */ = {isa = PBXFileReference; lastKnownFileType = sourcecode.swift; path = PitchView.swift; sourceTree = "<group>"; };
		8E8DB87B273805830010FE7E /* SoundView.swift */ = {isa = PBXFileReference; lastKnownFileType = sourcecode.swift; path = SoundView.swift; sourceTree = "<group>"; };
		8E8DB87D273807490010FE7E /* TimbreView.swift */ = {isa = PBXFileReference; lastKnownFileType = sourcecode.swift; path = TimbreView.swift; sourceTree = "<group>"; };
		8E8DB87F27380AD30010FE7E /* PitchIndicator.swift */ = {isa = PBXFileReference; lastKnownFileType = sourcecode.swift; path = PitchIndicator.swift; sourceTree = "<group>"; };
		8E8DB88127380B630010FE7E /* PitchLetter.swift */ = {isa = PBXFileReference; lastKnownFileType = sourcecode.swift; path = PitchLetter.swift; sourceTree = "<group>"; };
		8E8DB883273811120010FE7E /* TouchEventModifier.swift */ = {isa = PBXFileReference; lastKnownFileType = sourcecode.swift; path = TouchEventModifier.swift; sourceTree = "<group>"; };
		8E8DB8852738161A0010FE7E /* LiveButton.swift */ = {isa = PBXFileReference; lastKnownFileType = sourcecode.swift; path = LiveButton.swift; sourceTree = "<group>"; };
		8EC8CD6827253D3700B6E8E7 /* ContentView.swift */ = {isa = PBXFileReference; lastKnownFileType = sourcecode.swift; path = ContentView.swift; sourceTree = "<group>"; };
		8EECA38E27382E800083FD02 /* Frequencies.swift */ = {isa = PBXFileReference; lastKnownFileType = sourcecode.swift; path = Frequencies.swift; sourceTree = "<group>"; };
		8EECA39027382E8E0083FD02 /* VBar.swift */ = {isa = PBXFileReference; lastKnownFileType = sourcecode.swift; path = VBar.swift; sourceTree = "<group>"; };
		8EECA39227384BC30083FD02 /* Axis.swift */ = {isa = PBXFileReference; lastKnownFileType = sourcecode.swift; path = Axis.swift; sourceTree = "<group>"; };
		8EECA394273852030083FD02 /* ViewExtension.swift */ = {isa = PBXFileReference; lastKnownFileType = sourcecode.swift; path = ViewExtension.swift; sourceTree = "<group>"; };
		8EECA396273856200083FD02 /* DrawerButton.swift */ = {isa = PBXFileReference; lastKnownFileType = sourcecode.swift; path = DrawerButton.swift; sourceTree = "<group>"; };
		8EECA3982738574E0083FD02 /* HelpButton.swift */ = {isa = PBXFileReference; lastKnownFileType = sourcecode.swift; path = HelpButton.swift; sourceTree = "<group>"; };
		8EEFAF8927130F7E00E3651D /* visualizer.app */ = {isa = PBXFileReference; explicitFileType = wrapper.application; includeInIndex = 0; path = visualizer.app; sourceTree = BUILT_PRODUCTS_DIR; };
		8EEFAF8C27130F7E00E3651D /* visualizerApp.swift */ = {isa = PBXFileReference; lastKnownFileType = sourcecode.swift; path = visualizerApp.swift; sourceTree = "<group>"; };
		8EEFAF9027130F8000E3651D /* Assets.xcassets */ = {isa = PBXFileReference; lastKnownFileType = folder.assetcatalog; path = Assets.xcassets; sourceTree = "<group>"; };
		8EEFAF9327130F8000E3651D /* Preview Assets.xcassets */ = {isa = PBXFileReference; lastKnownFileType = folder.assetcatalog; path = "Preview Assets.xcassets"; sourceTree = "<group>"; };
		8EEFAFA12713146200E3651D /* Info.plist */ = {isa = PBXFileReference; lastKnownFileType = text.plist; path = Info.plist; sourceTree = "<group>"; };
/* End PBXFileReference section */

/* Begin PBXFrameworksBuildPhase section */
		8EEFAF8627130F7E00E3651D /* Frameworks */ = {
			isa = PBXFrameworksBuildPhase;
			buildActionMask = 2147483647;
			files = (
				49D6F7EE274926AA00CDCCE4 /* SoundpipeAudioKit in Frameworks */,
				8E68DC322747EE8800F418E6 /* AudioKit in Frameworks */,
			);
			runOnlyForDeploymentPostprocessing = 0;
		};
/* End PBXFrameworksBuildPhase section */

/* Begin PBXGroup section */
		4941432A27551C75009667A6 /* Models */ = {
			isa = PBXGroup;
			children = (
				4906C6AC2753760D001C52BC /* Setting.swift */,
			);
			path = Models;
			sourceTree = "<group>";
		};
		49D6F7EF274939A200CDCCE4 /* Helpers */ = {
			isa = PBXGroup;
			children = (
				49D6F7F0274939D000CDCCE4 /* PitchNotation.swift */,
			);
			path = Helpers;
			sourceTree = "<group>";
		};
		49DECB12273A7ACC00C992CE /* Buttons */ = {
			isa = PBXGroup;
			children = (
				8E8DB8852738161A0010FE7E /* LiveButton.swift */,
				8EECA396273856200083FD02 /* DrawerButton.swift */,
				8EECA3982738574E0083FD02 /* HelpButton.swift */,
				498F0BEC274F808B00A46486 /* MoreButton.swift */,
				498F0BF0274F909600A46486 /* DismissButton.swift */,
				498F0BF2274FC11700A46486 /* SettingButton.swift */,
			);
			path = Buttons;
			sourceTree = "<group>";
		};
		49DECB13273A7AE500C992CE /* Indicators */ = {
			isa = PBXGroup;
			children = (
				8E8DB87F27380AD30010FE7E /* PitchIndicator.swift */,
			);
			path = Indicators;
			sourceTree = "<group>";
		};
		49DECB14273A7B1A00C992CE /* Visuals */ = {
			isa = PBXGroup;
			children = (
				8EECA38E27382E800083FD02 /* Frequencies.swift */,
				8EECA39027382E8E0083FD02 /* VBar.swift */,
				8EECA39227384BC30083FD02 /* Axis.swift */,
			);
			path = Visuals;
			sourceTree = "<group>";
		};
		8E16835127259D29004E3CF9 /* Components */ = {
			isa = PBXGroup;
			children = (
				49DECB14273A7B1A00C992CE /* Visuals */,
				49DECB13273A7AE500C992CE /* Indicators */,
				49DECB12273A7ACC00C992CE /* Buttons */,
				8E8DB88127380B630010FE7E /* PitchLetter.swift */,
			);
			path = Components;
			sourceTree = "<group>";
		};
		8EEFAF8027130F7E00E3651D = {
			isa = PBXGroup;
			children = (
				8EEFAF8B27130F7E00E3651D /* visualizer */,
				8EEFAF8A27130F7E00E3651D /* Products */,
			);
			sourceTree = "<group>";
		};
		8EEFAF8A27130F7E00E3651D /* Products */ = {
			isa = PBXGroup;
			children = (
				8EEFAF8927130F7E00E3651D /* visualizer.app */,
			);
			name = Products;
			sourceTree = "<group>";
		};
		8EEFAF8B27130F7E00E3651D /* visualizer */ = {
			isa = PBXGroup;
			children = (
				4941432A27551C75009667A6 /* Models */,
				49D6F7EF274939A200CDCCE4 /* Helpers */,
				8E16835127259D29004E3CF9 /* Components */,
				8EEFAFA12713146200E3651D /* Info.plist */,
				8EEFAF9C27130FD300E3651D /* View Models */,
				8EEFAF9A27130F8E00E3651D /* Views */,
				8EEFAF8C27130F7E00E3651D /* visualizerApp.swift */,
				8EEFAF9027130F8000E3651D /* Assets.xcassets */,
				8EEFAF9227130F8000E3651D /* Preview Content */,
				8E8DB883273811120010FE7E /* TouchEventModifier.swift */,
				8EECA394273852030083FD02 /* ViewExtension.swift */,
				49DECB10273A730D00C992CE /* Typography.swift */,
				490E8B622739176A0047DE64 /* Color.swift */,
			);
			path = visualizer;
			sourceTree = "<group>";
		};
		8EEFAF9227130F8000E3651D /* Preview Content */ = {
			isa = PBXGroup;
			children = (
				8EEFAF9327130F8000E3651D /* Preview Assets.xcassets */,
			);
			path = "Preview Content";
			sourceTree = "<group>";
		};
		8EEFAF9A27130F8E00E3651D /* Views */ = {
			isa = PBXGroup;
			children = (
				8EC8CD6827253D3700B6E8E7 /* ContentView.swift */,
				8E8DB87D273807490010FE7E /* TimbreView.swift */,
				8E8DB879273802FF0010FE7E /* PitchView.swift */,
				8E8DB87B273805830010FE7E /* SoundView.swift */,
				498F0BEE274F8FC500A46486 /* SettingSheet.swift */,
			);
			path = Views;
			sourceTree = "<group>";
		};
		8EEFAF9C27130FD300E3651D /* View Models */ = {
			isa = PBXGroup;
			children = (
				8E68DC2E2747EE2600F418E6 /* AudioViewModel.swift */,
				4906C6AA27537570001C52BC /* SettingViewModel.swift */,
			);
			path = "View Models";
			sourceTree = "<group>";
		};
/* End PBXGroup section */

/* Begin PBXNativeTarget section */
		8EEFAF8827130F7E00E3651D /* visualizer */ = {
			isa = PBXNativeTarget;
			buildConfigurationList = 8EEFAF9727130F8000E3651D /* Build configuration list for PBXNativeTarget "visualizer" */;
			buildPhases = (
				8EEFAF8527130F7E00E3651D /* Sources */,
				8EEFAF8627130F7E00E3651D /* Frameworks */,
				8EEFAF8727130F7E00E3651D /* Resources */,
			);
			buildRules = (
			);
			dependencies = (
			);
			name = visualizer;
			packageProductDependencies = (
				8E68DC312747EE8800F418E6 /* AudioKit */,
				49D6F7ED274926AA00CDCCE4 /* SoundpipeAudioKit */,
			);
			productName = visualizer;
			productReference = 8EEFAF8927130F7E00E3651D /* visualizer.app */;
			productType = "com.apple.product-type.application";
		};
/* End PBXNativeTarget section */

/* Begin PBXProject section */
		8EEFAF8127130F7E00E3651D /* Project object */ = {
			isa = PBXProject;
			attributes = {
				BuildIndependentTargetsInParallel = 1;
				LastSwiftUpdateCheck = 1300;
				LastUpgradeCheck = 1300;
				TargetAttributes = {
					8EEFAF8827130F7E00E3651D = {
						CreatedOnToolsVersion = 13.0;
					};
				};
			};
			buildConfigurationList = 8EEFAF8427130F7E00E3651D /* Build configuration list for PBXProject "visualizer" */;
			compatibilityVersion = "Xcode 13.0";
			developmentRegion = en;
			hasScannedForEncodings = 0;
			knownRegions = (
				en,
				Base,
			);
			mainGroup = 8EEFAF8027130F7E00E3651D;
			packageReferences = (
				8E68DC302747EE8800F418E6 /* XCRemoteSwiftPackageReference "AudioKit" */,
				49D6F7EC274926AA00CDCCE4 /* XCRemoteSwiftPackageReference "SoundpipeAudioKit" */,
			);
			productRefGroup = 8EEFAF8A27130F7E00E3651D /* Products */;
			projectDirPath = "";
			projectRoot = "";
			targets = (
				8EEFAF8827130F7E00E3651D /* visualizer */,
			);
		};
/* End PBXProject section */

/* Begin PBXResourcesBuildPhase section */
		8EEFAF8727130F7E00E3651D /* Resources */ = {
			isa = PBXResourcesBuildPhase;
			buildActionMask = 2147483647;
			files = (
				8EEFAF9427130F8000E3651D /* Preview Assets.xcassets in Resources */,
				8EEFAF9127130F8000E3651D /* Assets.xcassets in Resources */,
			);
			runOnlyForDeploymentPostprocessing = 0;
		};
/* End PBXResourcesBuildPhase section */

/* Begin PBXSourcesBuildPhase section */
		8EEFAF8527130F7E00E3651D /* Sources */ = {
			isa = PBXSourcesBuildPhase;
			buildActionMask = 2147483647;
			files = (
				8EECA38F27382E800083FD02 /* Frequencies.swift in Sources */,
				49D6F7F1274939D000CDCCE4 /* PitchNotation.swift in Sources */,
				8EECA39327384BC30083FD02 /* Axis.swift in Sources */,
				498F0BEF274F8FC600A46486 /* SettingSheet.swift in Sources */,
				8EECA3992738574E0083FD02 /* HelpButton.swift in Sources */,
				4906C6AD2753760D001C52BC /* Setting.swift in Sources */,
				8E8DB87E273807490010FE7E /* TimbreView.swift in Sources */,
				8E8DB884273811120010FE7E /* TouchEventModifier.swift in Sources */,
				8EECA39127382E8E0083FD02 /* VBar.swift in Sources */,
				8EECA395273852030083FD02 /* ViewExtension.swift in Sources */,
				8E8DB88027380AD30010FE7E /* PitchIndicator.swift in Sources */,
				8EECA397273856200083FD02 /* DrawerButton.swift in Sources */,
				498F0BED274F808B00A46486 /* MoreButton.swift in Sources */,
				498F0BF1274F909600A46486 /* DismissButton.swift in Sources */,
				49DECB11273A730D00C992CE /* Typography.swift in Sources */,
				8EEFAF8D27130F7E00E3651D /* visualizerApp.swift in Sources */,
				8EC8CD6927253D3700B6E8E7 /* ContentView.swift in Sources */,
				8E68DC2F2747EE2600F418E6 /* AudioViewModel.swift in Sources */,
				490E8B632739176B0047DE64 /* Color.swift in Sources */,
				8E8DB87C273805830010FE7E /* SoundView.swift in Sources */,
				4906C6AB27537571001C52BC /* SettingViewModel.swift in Sources */,
				8E8DB88227380B630010FE7E /* PitchLetter.swift in Sources */,
				8E8DB87A273802FF0010FE7E /* PitchView.swift in Sources */,
				498F0BF3274FC11700A46486 /* SettingButton.swift in Sources */,
				8E8DB8862738161A0010FE7E /* LiveButton.swift in Sources */,
			);
			runOnlyForDeploymentPostprocessing = 0;
		};
/* End PBXSourcesBuildPhase section */

/* Begin XCBuildConfiguration section */
		8EEFAF9527130F8000E3651D /* Debug */ = {
			isa = XCBuildConfiguration;
			buildSettings = {
				ALWAYS_SEARCH_USER_PATHS = NO;
				CLANG_ANALYZER_NONNULL = YES;
				CLANG_ANALYZER_NUMBER_OBJECT_CONVERSION = YES_AGGRESSIVE;
				CLANG_CXX_LANGUAGE_STANDARD = "gnu++17";
				CLANG_CXX_LIBRARY = "libc++";
				CLANG_ENABLE_MODULES = YES;
				CLANG_ENABLE_OBJC_ARC = YES;
				CLANG_ENABLE_OBJC_WEAK = YES;
				CLANG_WARN_BLOCK_CAPTURE_AUTORELEASING = YES;
				CLANG_WARN_BOOL_CONVERSION = YES;
				CLANG_WARN_COMMA = YES;
				CLANG_WARN_CONSTANT_CONVERSION = YES;
				CLANG_WARN_DEPRECATED_OBJC_IMPLEMENTATIONS = YES;
				CLANG_WARN_DIRECT_OBJC_ISA_USAGE = YES_ERROR;
				CLANG_WARN_DOCUMENTATION_COMMENTS = YES;
				CLANG_WARN_EMPTY_BODY = YES;
				CLANG_WARN_ENUM_CONVERSION = YES;
				CLANG_WARN_INFINITE_RECURSION = YES;
				CLANG_WARN_INT_CONVERSION = YES;
				CLANG_WARN_NON_LITERAL_NULL_CONVERSION = YES;
				CLANG_WARN_OBJC_IMPLICIT_RETAIN_SELF = YES;
				CLANG_WARN_OBJC_LITERAL_CONVERSION = YES;
				CLANG_WARN_OBJC_ROOT_CLASS = YES_ERROR;
				CLANG_WARN_QUOTED_INCLUDE_IN_FRAMEWORK_HEADER = YES;
				CLANG_WARN_RANGE_LOOP_ANALYSIS = YES;
				CLANG_WARN_STRICT_PROTOTYPES = YES;
				CLANG_WARN_SUSPICIOUS_MOVE = YES;
				CLANG_WARN_UNGUARDED_AVAILABILITY = YES_AGGRESSIVE;
				CLANG_WARN_UNREACHABLE_CODE = YES;
				CLANG_WARN__DUPLICATE_METHOD_MATCH = YES;
				COPY_PHASE_STRIP = NO;
				DEBUG_INFORMATION_FORMAT = dwarf;
				ENABLE_STRICT_OBJC_MSGSEND = YES;
				ENABLE_TESTABILITY = YES;
				GCC_C_LANGUAGE_STANDARD = gnu11;
				GCC_DYNAMIC_NO_PIC = NO;
				GCC_NO_COMMON_BLOCKS = YES;
				GCC_OPTIMIZATION_LEVEL = 0;
				GCC_PREPROCESSOR_DEFINITIONS = (
					"DEBUG=1",
					"$(inherited)",
				);
				GCC_WARN_64_TO_32_BIT_CONVERSION = YES;
				GCC_WARN_ABOUT_RETURN_TYPE = YES_ERROR;
				GCC_WARN_UNDECLARED_SELECTOR = YES;
				GCC_WARN_UNINITIALIZED_AUTOS = YES_AGGRESSIVE;
				GCC_WARN_UNUSED_FUNCTION = YES;
				GCC_WARN_UNUSED_VARIABLE = YES;
				IPHONEOS_DEPLOYMENT_TARGET = 15.0;
				MTL_ENABLE_DEBUG_INFO = INCLUDE_SOURCE;
				MTL_FAST_MATH = YES;
				ONLY_ACTIVE_ARCH = YES;
				SDKROOT = iphoneos;
				SWIFT_ACTIVE_COMPILATION_CONDITIONS = DEBUG;
				SWIFT_OPTIMIZATION_LEVEL = "-Onone";
			};
			name = Debug;
		};
		8EEFAF9627130F8000E3651D /* Release */ = {
			isa = XCBuildConfiguration;
			buildSettings = {
				ALWAYS_SEARCH_USER_PATHS = NO;
				CLANG_ANALYZER_NONNULL = YES;
				CLANG_ANALYZER_NUMBER_OBJECT_CONVERSION = YES_AGGRESSIVE;
				CLANG_CXX_LANGUAGE_STANDARD = "gnu++17";
				CLANG_CXX_LIBRARY = "libc++";
				CLANG_ENABLE_MODULES = YES;
				CLANG_ENABLE_OBJC_ARC = YES;
				CLANG_ENABLE_OBJC_WEAK = YES;
				CLANG_WARN_BLOCK_CAPTURE_AUTORELEASING = YES;
				CLANG_WARN_BOOL_CONVERSION = YES;
				CLANG_WARN_COMMA = YES;
				CLANG_WARN_CONSTANT_CONVERSION = YES;
				CLANG_WARN_DEPRECATED_OBJC_IMPLEMENTATIONS = YES;
				CLANG_WARN_DIRECT_OBJC_ISA_USAGE = YES_ERROR;
				CLANG_WARN_DOCUMENTATION_COMMENTS = YES;
				CLANG_WARN_EMPTY_BODY = YES;
				CLANG_WARN_ENUM_CONVERSION = YES;
				CLANG_WARN_INFINITE_RECURSION = YES;
				CLANG_WARN_INT_CONVERSION = YES;
				CLANG_WARN_NON_LITERAL_NULL_CONVERSION = YES;
				CLANG_WARN_OBJC_IMPLICIT_RETAIN_SELF = YES;
				CLANG_WARN_OBJC_LITERAL_CONVERSION = YES;
				CLANG_WARN_OBJC_ROOT_CLASS = YES_ERROR;
				CLANG_WARN_QUOTED_INCLUDE_IN_FRAMEWORK_HEADER = YES;
				CLANG_WARN_RANGE_LOOP_ANALYSIS = YES;
				CLANG_WARN_STRICT_PROTOTYPES = YES;
				CLANG_WARN_SUSPICIOUS_MOVE = YES;
				CLANG_WARN_UNGUARDED_AVAILABILITY = YES_AGGRESSIVE;
				CLANG_WARN_UNREACHABLE_CODE = YES;
				CLANG_WARN__DUPLICATE_METHOD_MATCH = YES;
				COPY_PHASE_STRIP = NO;
				DEBUG_INFORMATION_FORMAT = "dwarf-with-dsym";
				ENABLE_NS_ASSERTIONS = NO;
				ENABLE_STRICT_OBJC_MSGSEND = YES;
				GCC_C_LANGUAGE_STANDARD = gnu11;
				GCC_NO_COMMON_BLOCKS = YES;
				GCC_WARN_64_TO_32_BIT_CONVERSION = YES;
				GCC_WARN_ABOUT_RETURN_TYPE = YES_ERROR;
				GCC_WARN_UNDECLARED_SELECTOR = YES;
				GCC_WARN_UNINITIALIZED_AUTOS = YES_AGGRESSIVE;
				GCC_WARN_UNUSED_FUNCTION = YES;
				GCC_WARN_UNUSED_VARIABLE = YES;
				IPHONEOS_DEPLOYMENT_TARGET = 15.0;
				MTL_ENABLE_DEBUG_INFO = NO;
				MTL_FAST_MATH = YES;
				SDKROOT = iphoneos;
				SWIFT_COMPILATION_MODE = wholemodule;
				SWIFT_OPTIMIZATION_LEVEL = "-O";
				VALIDATE_PRODUCT = YES;
			};
			name = Release;
		};
		8EEFAF9827130F8000E3651D /* Debug */ = {
			isa = XCBuildConfiguration;
			buildSettings = {
				ASSETCATALOG_COMPILER_APPICON_NAME = AppIcon;
				ASSETCATALOG_COMPILER_GLOBAL_ACCENT_COLOR_NAME = AccentColor;
				CODE_SIGN_STYLE = Automatic;
				CURRENT_PROJECT_VERSION = 2;
				DEVELOPMENT_ASSET_PATHS = "\"visualizer/Preview Content\"";
				DEVELOPMENT_TEAM = Q4FFSUTM3T;
				ENABLE_PREVIEWS = YES;
				GENERATE_INFOPLIST_FILE = YES;
				INFOPLIST_FILE = visualizer/Info.plist;
				INFOPLIST_KEY_CFBundleDisplayName = Visivo;
				INFOPLIST_KEY_NSMicrophoneUsageDescription = "Please allow mic usage";
				INFOPLIST_KEY_UIApplicationSceneManifest_Generation = YES;
				INFOPLIST_KEY_UIApplicationSupportsIndirectInputEvents = YES;
				INFOPLIST_KEY_UILaunchScreen_Generation = YES;
				INFOPLIST_KEY_UISupportedInterfaceOrientations_iPad = "UIInterfaceOrientationPortrait UIInterfaceOrientationPortraitUpsideDown UIInterfaceOrientationLandscapeLeft UIInterfaceOrientationLandscapeRight";
				INFOPLIST_KEY_UISupportedInterfaceOrientations_iPhone = "UIInterfaceOrientationPortrait UIInterfaceOrientationLandscapeLeft UIInterfaceOrientationLandscapeRight";
				IPHONEOS_DEPLOYMENT_TARGET = 14.0;
				LD_RUNPATH_SEARCH_PATHS = (
					"$(inherited)",
					"@executable_path/Frameworks",
				);
				MARKETING_VERSION = 0.1.1;
				PRODUCT_BUNDLE_IDENTIFIER = "com.cjc2101.markc-visualizer";
				PRODUCT_NAME = "$(TARGET_NAME)";
				SWIFT_EMIT_LOC_STRINGS = YES;
				SWIFT_VERSION = 5.0;
				TARGETED_DEVICE_FAMILY = "1,2";
			};
			name = Debug;
		};
		8EEFAF9927130F8000E3651D /* Release */ = {
			isa = XCBuildConfiguration;
			buildSettings = {
				ASSETCATALOG_COMPILER_APPICON_NAME = AppIcon;
				ASSETCATALOG_COMPILER_GLOBAL_ACCENT_COLOR_NAME = AccentColor;
				CODE_SIGN_STYLE = Automatic;
				CURRENT_PROJECT_VERSION = 2;
				DEVELOPMENT_ASSET_PATHS = "\"visualizer/Preview Content\"";
				DEVELOPMENT_TEAM = Q4FFSUTM3T;
				ENABLE_PREVIEWS = YES;
				GENERATE_INFOPLIST_FILE = YES;
				INFOPLIST_FILE = visualizer/Info.plist;
				INFOPLIST_KEY_CFBundleDisplayName = Visivo;
				INFOPLIST_KEY_NSMicrophoneUsageDescription = "Please allow mic usage";
				INFOPLIST_KEY_UIApplicationSceneManifest_Generation = YES;
				INFOPLIST_KEY_UIApplicationSupportsIndirectInputEvents = YES;
				INFOPLIST_KEY_UILaunchScreen_Generation = YES;
				INFOPLIST_KEY_UISupportedInterfaceOrientations_iPad = "UIInterfaceOrientationPortrait UIInterfaceOrientationPortraitUpsideDown UIInterfaceOrientationLandscapeLeft UIInterfaceOrientationLandscapeRight";
				INFOPLIST_KEY_UISupportedInterfaceOrientations_iPhone = "UIInterfaceOrientationPortrait UIInterfaceOrientationLandscapeLeft UIInterfaceOrientationLandscapeRight";
				IPHONEOS_DEPLOYMENT_TARGET = 14.0;
				LD_RUNPATH_SEARCH_PATHS = (
					"$(inherited)",
					"@executable_path/Frameworks",
				);
				MARKETING_VERSION = 0.1.1;
				PRODUCT_BUNDLE_IDENTIFIER = "com.cjc2101.markc-visualizer";
				PRODUCT_NAME = "$(TARGET_NAME)";
				SWIFT_EMIT_LOC_STRINGS = YES;
				SWIFT_VERSION = 5.0;
				TARGETED_DEVICE_FAMILY = "1,2";
			};
			name = Release;
		};
/* End XCBuildConfiguration section */

/* Begin XCConfigurationList section */
		8EEFAF8427130F7E00E3651D /* Build configuration list for PBXProject "visualizer" */ = {
			isa = XCConfigurationList;
			buildConfigurations = (
				8EEFAF9527130F8000E3651D /* Debug */,
				8EEFAF9627130F8000E3651D /* Release */,
			);
			defaultConfigurationIsVisible = 0;
			defaultConfigurationName = Release;
		};
		8EEFAF9727130F8000E3651D /* Build configuration list for PBXNativeTarget "visualizer" */ = {
			isa = XCConfigurationList;
			buildConfigurations = (
				8EEFAF9827130F8000E3651D /* Debug */,
				8EEFAF9927130F8000E3651D /* Release */,
			);
			defaultConfigurationIsVisible = 0;
			defaultConfigurationName = Release;
		};
/* End XCConfigurationList section */

/* Begin XCRemoteSwiftPackageReference section */
		49D6F7EC274926AA00CDCCE4 /* XCRemoteSwiftPackageReference "SoundpipeAudioKit" */ = {
			isa = XCRemoteSwiftPackageReference;
			repositoryURL = "https://github.com/AudioKit/SoundpipeAudioKit.git";
			requirement = {
				kind = upToNextMajorVersion;
				minimumVersion = 5.0.0;
			};
		};
		8E68DC302747EE8800F418E6 /* XCRemoteSwiftPackageReference "AudioKit" */ = {
			isa = XCRemoteSwiftPackageReference;
			repositoryURL = "https://github.com/AudioKit/AudioKit";
			requirement = {
				branch = main;
				kind = branch;
			};
		};
/* End XCRemoteSwiftPackageReference section */

/* Begin XCSwiftPackageProductDependency section */
		49D6F7ED274926AA00CDCCE4 /* SoundpipeAudioKit */ = {
			isa = XCSwiftPackageProductDependency;
			package = 49D6F7EC274926AA00CDCCE4 /* XCRemoteSwiftPackageReference "SoundpipeAudioKit" */;
			productName = SoundpipeAudioKit;
		};
		8E68DC312747EE8800F418E6 /* AudioKit */ = {
			isa = XCSwiftPackageProductDependency;
			package = 8E68DC302747EE8800F418E6 /* XCRemoteSwiftPackageReference "AudioKit" */;
			productName = AudioKit;
		};
/* End XCSwiftPackageProductDependency section */
	};
	rootObject = 8EEFAF8127130F7E00E3651D /* Project object */;
}
